// !$*UTF8*$!
{
	archiveVersion = 1;
	classes = {
	};
	objectVersion = 56;
	objects = {

/* Begin PBXBuildFile section */
		1726DCAD2B0AFD5000BEAFAD /* PayView.swift in Sources */ = {isa = PBXBuildFile; fileRef = 1726DCAC2B0AFD5000BEAFAD /* PayView.swift */; };
		1726DCB02B0B46DB00BEAFAD /* HomeEventView.swift in Sources */ = {isa = PBXBuildFile; fileRef = 1726DCAF2B0B46DB00BEAFAD /* HomeEventView.swift */; };
		1726DCB22B0B46EA00BEAFAD /* HomeEventReducer.swift in Sources */ = {isa = PBXBuildFile; fileRef = 1726DCB12B0B46EA00BEAFAD /* HomeEventReducer.swift */; };
		1726DCB42B0B4D1600BEAFAD /* String+.swift in Sources */ = {isa = PBXBuildFile; fileRef = 1726DCB32B0B4D1600BEAFAD /* String+.swift */; };
		1726DCB62B0B4F3C00BEAFAD /* NoticeReducer.swift in Sources */ = {isa = PBXBuildFile; fileRef = 1726DCB52B0B4F3C00BEAFAD /* NoticeReducer.swift */; };
		1726DCB82B0B53C900BEAFAD /* CouponReducer.swift in Sources */ = {isa = PBXBuildFile; fileRef = 1726DCB72B0B53C900BEAFAD /* CouponReducer.swift */; };
		1726DCBA2B0B55DB00BEAFAD /* WhatsNewReducer.swift in Sources */ = {isa = PBXBuildFile; fileRef = 1726DCB92B0B55DB00BEAFAD /* WhatsNewReducer.swift */; };
		1749EA022B04997900CACC01 /* StarbucksApp.swift in Sources */ = {isa = PBXBuildFile; fileRef = 1749EA012B04997900CACC01 /* StarbucksApp.swift */; };
		1749EA062B04997B00CACC01 /* Assets.xcassets in Resources */ = {isa = PBXBuildFile; fileRef = 1749EA052B04997B00CACC01 /* Assets.xcassets */; };
		1749EA092B04997B00CACC01 /* Preview Assets.xcassets in Resources */ = {isa = PBXBuildFile; fileRef = 1749EA082B04997B00CACC01 /* Preview Assets.xcassets */; };
		1749EA192B049C9900CACC01 /* StartingPopupView.swift in Sources */ = {isa = PBXBuildFile; fileRef = 1749EA182B049C9900CACC01 /* StartingPopupView.swift */; };
		1749EA1B2B049CC500CACC01 /* BackbuttonOnlyIcon.swift in Sources */ = {isa = PBXBuildFile; fileRef = 1749EA1A2B049CC500CACC01 /* BackbuttonOnlyIcon.swift */; };
		1749EA1D2B049CDB00CACC01 /* MenuListCard.swift in Sources */ = {isa = PBXBuildFile; fileRef = 1749EA1C2B049CDB00CACC01 /* MenuListCard.swift */; };
		1749EA212B049D5D00CACC01 /* View+.swift in Sources */ = {isa = PBXBuildFile; fileRef = 1749EA202B049D5D00CACC01 /* View+.swift */; };
		1749EA232B049D8C00CACC01 /* Home.swift in Sources */ = {isa = PBXBuildFile; fileRef = 1749EA222B049D8C00CACC01 /* Home.swift */; };
		1749EA2E2B049DFC00CACC01 /* NoticeModel.swift in Sources */ = {isa = PBXBuildFile; fileRef = 1749EA2D2B049DFC00CACC01 /* NoticeModel.swift */; };
		1749EA302B049E0500CACC01 /* NoticeView.swift in Sources */ = {isa = PBXBuildFile; fileRef = 1749EA2F2B049E0500CACC01 /* NoticeView.swift */; };
		1749EA342B049E1A00CACC01 /* ReviewWritePopupView.swift in Sources */ = {isa = PBXBuildFile; fileRef = 1749EA332B049E1A00CACC01 /* ReviewWritePopupView.swift */; };
		1749EA362B049E2400CACC01 /* NoticePopupStyle.swift in Sources */ = {isa = PBXBuildFile; fileRef = 1749EA352B049E2400CACC01 /* NoticePopupStyle.swift */; };
		1749EA3A2B049E6B00CACC01 /* ScannerVC.swift in Sources */ = {isa = PBXBuildFile; fileRef = 1749EA392B049E6B00CACC01 /* ScannerVC.swift */; };
		1749EA3C2B049E7500CACC01 /* ScannerView.swift in Sources */ = {isa = PBXBuildFile; fileRef = 1749EA3B2B049E7500CACC01 /* ScannerView.swift */; };
		1749EA3E2B049E7A00CACC01 /* Alert.swift in Sources */ = {isa = PBXBuildFile; fileRef = 1749EA3D2B049E7A00CACC01 /* Alert.swift */; };
		1749EA402B049E8700CACC01 /* ScannerViewModel.swift in Sources */ = {isa = PBXBuildFile; fileRef = 1749EA3F2B049E8700CACC01 /* ScannerViewModel.swift */; };
		1749EA422B049E9400CACC01 /* BarcodeScannerView.swift in Sources */ = {isa = PBXBuildFile; fileRef = 1749EA412B049E9400CACC01 /* BarcodeScannerView.swift */; };
		1749EA442B049E9E00CACC01 /* AddCouponModel.swift in Sources */ = {isa = PBXBuildFile; fileRef = 1749EA432B049E9E00CACC01 /* AddCouponModel.swift */; };
		1749EA462B049EE400CACC01 /* AddCouponView.swift in Sources */ = {isa = PBXBuildFile; fileRef = 1749EA452B049EE400CACC01 /* AddCouponView.swift */; };
		1749EA482B049EED00CACC01 /* RadioButtonType.swift in Sources */ = {isa = PBXBuildFile; fileRef = 1749EA472B049EED00CACC01 /* RadioButtonType.swift */; };
		1749EA4C2B049F1D00CACC01 /* CouponView.swift in Sources */ = {isa = PBXBuildFile; fileRef = 1749EA4B2B049F1D00CACC01 /* CouponView.swift */; };
		1749EA4E2B049F2400CACC01 /* CouponCase.swift in Sources */ = {isa = PBXBuildFile; fileRef = 1749EA4D2B049F2400CACC01 /* CouponCase.swift */; };
		1749EA502B049F5100CACC01 /* WhatsNewView.swift in Sources */ = {isa = PBXBuildFile; fileRef = 1749EA4F2B049F5100CACC01 /* WhatsNewView.swift */; };
		1749EA522B049F5900CACC01 /* WhatsNewCell.swift in Sources */ = {isa = PBXBuildFile; fileRef = 1749EA512B049F5900CACC01 /* WhatsNewCell.swift */; };
		1749EA542B049F6100CACC01 /* WhatsNewViewModel.swift in Sources */ = {isa = PBXBuildFile; fileRef = 1749EA532B049F6100CACC01 /* WhatsNewViewModel.swift */; };
		1749EA562B049F6700CACC01 /* WhatsNewCase.swift in Sources */ = {isa = PBXBuildFile; fileRef = 1749EA552B049F6700CACC01 /* WhatsNewCase.swift */; };
		1749EA582B049F9A00CACC01 /* TabBarView.swift in Sources */ = {isa = PBXBuildFile; fileRef = 1749EA572B049F9A00CACC01 /* TabBarView.swift */; };
		1749EA5A2B049FB700CACC01 /* SectionDetail.swift in Sources */ = {isa = PBXBuildFile; fileRef = 1749EA592B049FB700CACC01 /* SectionDetail.swift */; };
		1749EA5C2B049FC400CACC01 /* QuickMenu.swift in Sources */ = {isa = PBXBuildFile; fileRef = 1749EA5B2B049FC400CACC01 /* QuickMenu.swift */; };
		1749EA5E2B049FCC00CACC01 /* OtherView.swift in Sources */ = {isa = PBXBuildFile; fileRef = 1749EA5D2B049FCC00CACC01 /* OtherView.swift */; };
		1749EA612B04A3B500CACC01 /* HomeNotice.swift in Sources */ = {isa = PBXBuildFile; fileRef = 1749EA602B04A3B500CACC01 /* HomeNotice.swift */; };
		1749EA632B04A3D000CACC01 /* RecommendCoffee.swift in Sources */ = {isa = PBXBuildFile; fileRef = 1749EA622B04A3D000CACC01 /* RecommendCoffee.swift */; };
		1749EA652B04A3F500CACC01 /* NoticeCase.swift in Sources */ = {isa = PBXBuildFile; fileRef = 1749EA642B04A3F500CACC01 /* NoticeCase.swift */; };
		1749EA672B04A49200CACC01 /* NoticeDetailModel.swift in Sources */ = {isa = PBXBuildFile; fileRef = 1749EA662B04A49200CACC01 /* NoticeDetailModel.swift */; };
		1749EA692B04A51D00CACC01 /* MultiSection.swift in Sources */ = {isa = PBXBuildFile; fileRef = 1749EA682B04A51D00CACC01 /* MultiSection.swift */; };
		1749EA6C2B04A88800CACC01 /* CouponInfoView.swift in Sources */ = {isa = PBXBuildFile; fileRef = 1749EA6B2B04A88800CACC01 /* CouponInfoView.swift */; };
		1779003D2B05A79F0014D385 /* CouponInfoCase.swift in Sources */ = {isa = PBXBuildFile; fileRef = 1779003C2B05A79F0014D385 /* CouponInfoCase.swift */; };
		177900412B05B3730014D385 /* ShopView.swift in Sources */ = {isa = PBXBuildFile; fileRef = 177900402B05B3730014D385 /* ShopView.swift */; };
		177900432B05B46E0014D385 /* OrderView.swift in Sources */ = {isa = PBXBuildFile; fileRef = 177900422B05B46E0014D385 /* OrderView.swift */; };
		177900452B05B5C20014D385 /* OrderHeaderView.swift in Sources */ = {isa = PBXBuildFile; fileRef = 177900442B05B5C20014D385 /* OrderHeaderView.swift */; };
		177900472B05D7410014D385 /* OrderModel.swift in Sources */ = {isa = PBXBuildFile; fileRef = 177900462B05D7410014D385 /* OrderModel.swift */; };
		1785EA652B19709C00CE7B14 /* Movie.swift in Sources */ = {isa = PBXBuildFile; fileRef = 1785EA642B19709C00CE7B14 /* Movie.swift */; };
		179E464C2B0D7F9D00A5B98C /* UsableCouponView.swift in Sources */ = {isa = PBXBuildFile; fileRef = 179E464B2B0D7F9D00A5B98C /* UsableCouponView.swift */; };
		179E464E2B0D7FA500A5B98C /* CouponHistoryView.swift in Sources */ = {isa = PBXBuildFile; fileRef = 179E464D2B0D7FA500A5B98C /* CouponHistoryView.swift */; };
		179E46502B0D868F00A5B98C /* CouponHistoryDetailView.swift in Sources */ = {isa = PBXBuildFile; fileRef = 179E464F2B0D868F00A5B98C /* CouponHistoryDetailView.swift */; };
		179E46522B0D9A9100A5B98C /* Color+.swift in Sources */ = {isa = PBXBuildFile; fileRef = 179E46512B0D9A9100A5B98C /* Color+.swift */; };
		179E46542B0DF99E00A5B98C /* AddCouponReducer.swift in Sources */ = {isa = PBXBuildFile; fileRef = 179E46532B0DF99E00A5B98C /* AddCouponReducer.swift */; };
		17B705A52B1061CA00AEA110 /* Network.swift in Sources */ = {isa = PBXBuildFile; fileRef = 17B705A42B1061CA00AEA110 /* Network.swift */; };
		17CD2F832B06E780003EE5FA /* ComposableArchitecture in Frameworks */ = {isa = PBXBuildFile; productRef = 17CD2F822B06E780003EE5FA /* ComposableArchitecture */; };
		17CD2F852B06E91C003EE5FA /* PopupReducer.swift in Sources */ = {isa = PBXBuildFile; fileRef = 17CD2F842B06E91C003EE5FA /* PopupReducer.swift */; };
		17CD2F872B06F650003EE5FA /* RootReducer.swift in Sources */ = {isa = PBXBuildFile; fileRef = 17CD2F862B06F650003EE5FA /* RootReducer.swift */; };
		17CD2F8B2B0709EE003EE5FA /* HomeReducer.swift in Sources */ = {isa = PBXBuildFile; fileRef = 17CD2F8A2B0709EE003EE5FA /* HomeReducer.swift */; };
		17CD2F8D2B070A42003EE5FA /* PayReducer.swift in Sources */ = {isa = PBXBuildFile; fileRef = 17CD2F8C2B070A42003EE5FA /* PayReducer.swift */; };
		17CD2F8F2B070A52003EE5FA /* OrderReducer.swift in Sources */ = {isa = PBXBuildFile; fileRef = 17CD2F8E2B070A52003EE5FA /* OrderReducer.swift */; };
		17CD2F912B070A62003EE5FA /* ShopReducer.swift in Sources */ = {isa = PBXBuildFile; fileRef = 17CD2F902B070A62003EE5FA /* ShopReducer.swift */; };
		17CD2F932B070A6C003EE5FA /* OtherReducer.swift in Sources */ = {isa = PBXBuildFile; fileRef = 17CD2F922B070A6C003EE5FA /* OtherReducer.swift */; };
		17CF97DA2B1476EB00BF5373 /* EndPoint.swift in Sources */ = {isa = PBXBuildFile; fileRef = 17CF97D92B1476EB00BF5373 /* EndPoint.swift */; };
		17CF97E22B14809F00BF5373 /* PlaceholderDTO.swift in Sources */ = {isa = PBXBuildFile; fileRef = 17CF97E12B14809F00BF5373 /* PlaceholderDTO.swift */; };
		17DD651F2B0ED08500AD6189 /* CouponInfoReducer.swift in Sources */ = {isa = PBXBuildFile; fileRef = 17DD651E2B0ED08500AD6189 /* CouponInfoReducer.swift */; };
		17DD65212B0ED0F700AD6189 /* CouponHistoryDetailReducer.swift in Sources */ = {isa = PBXBuildFile; fileRef = 17DD65202B0ED0F700AD6189 /* CouponHistoryDetailReducer.swift */; };
		17DD65252B0ED3A300AD6189 /* UsableCouponReducer.swift in Sources */ = {isa = PBXBuildFile; fileRef = 17DD65242B0ED3A300AD6189 /* UsableCouponReducer.swift */; };
		17DD65282B0ED40100AD6189 /* CouponHistoryReducer.swift in Sources */ = {isa = PBXBuildFile; fileRef = 17DD65272B0ED40100AD6189 /* CouponHistoryReducer.swift */; };
		17DD652A2B0F420C00AD6189 /* ScannerReducer.swift in Sources */ = {isa = PBXBuildFile; fileRef = 17DD65292B0F420C00AD6189 /* ScannerReducer.swift */; };
		17EBC3B32B0C4CF4006EE83D /* NoticePopupReducer.swift in Sources */ = {isa = PBXBuildFile; fileRef = 17EBC3B22B0C4CF4006EE83D /* NoticePopupReducer.swift */; };
		17FFDE082B1874D300A140D9 /* CuteNetwork in Frameworks */ = {isa = PBXBuildFile; productRef = 17FFDE072B1874D300A140D9 /* CuteNetwork */; };
/* End PBXBuildFile section */

/* Begin PBXFileReference section */
		1726DCAC2B0AFD5000BEAFAD /* PayView.swift */ = {isa = PBXFileReference; lastKnownFileType = sourcecode.swift; path = PayView.swift; sourceTree = "<group>"; };
		1726DCAF2B0B46DB00BEAFAD /* HomeEventView.swift */ = {isa = PBXFileReference; lastKnownFileType = sourcecode.swift; path = HomeEventView.swift; sourceTree = "<group>"; };
		1726DCB12B0B46EA00BEAFAD /* HomeEventReducer.swift */ = {isa = PBXFileReference; lastKnownFileType = sourcecode.swift; path = HomeEventReducer.swift; sourceTree = "<group>"; };
		1726DCB32B0B4D1600BEAFAD /* String+.swift */ = {isa = PBXFileReference; lastKnownFileType = sourcecode.swift; path = "String+.swift"; sourceTree = "<group>"; };
		1726DCB52B0B4F3C00BEAFAD /* NoticeReducer.swift */ = {isa = PBXFileReference; lastKnownFileType = sourcecode.swift; path = NoticeReducer.swift; sourceTree = "<group>"; };
		1726DCB72B0B53C900BEAFAD /* CouponReducer.swift */ = {isa = PBXFileReference; lastKnownFileType = sourcecode.swift; path = CouponReducer.swift; sourceTree = "<group>"; };
		1726DCB92B0B55DB00BEAFAD /* WhatsNewReducer.swift */ = {isa = PBXFileReference; lastKnownFileType = sourcecode.swift; path = WhatsNewReducer.swift; sourceTree = "<group>"; };
		1749E9FE2B04997900CACC01 /* Starbucks.app */ = {isa = PBXFileReference; explicitFileType = wrapper.application; includeInIndex = 0; path = Starbucks.app; sourceTree = BUILT_PRODUCTS_DIR; };
		1749EA012B04997900CACC01 /* StarbucksApp.swift */ = {isa = PBXFileReference; lastKnownFileType = sourcecode.swift; path = StarbucksApp.swift; sourceTree = "<group>"; };
		1749EA052B04997B00CACC01 /* Assets.xcassets */ = {isa = PBXFileReference; lastKnownFileType = folder.assetcatalog; path = Assets.xcassets; sourceTree = "<group>"; };
		1749EA082B04997B00CACC01 /* Preview Assets.xcassets */ = {isa = PBXFileReference; lastKnownFileType = folder.assetcatalog; path = "Preview Assets.xcassets"; sourceTree = "<group>"; };
		1749EA182B049C9900CACC01 /* StartingPopupView.swift */ = {isa = PBXFileReference; lastKnownFileType = sourcecode.swift; path = StartingPopupView.swift; sourceTree = "<group>"; };
		1749EA1A2B049CC500CACC01 /* BackbuttonOnlyIcon.swift */ = {isa = PBXFileReference; lastKnownFileType = sourcecode.swift; path = BackbuttonOnlyIcon.swift; sourceTree = "<group>"; };
		1749EA1C2B049CDB00CACC01 /* MenuListCard.swift */ = {isa = PBXFileReference; lastKnownFileType = sourcecode.swift; path = MenuListCard.swift; sourceTree = "<group>"; };
		1749EA202B049D5D00CACC01 /* View+.swift */ = {isa = PBXFileReference; lastKnownFileType = sourcecode.swift; path = "View+.swift"; sourceTree = "<group>"; };
		1749EA222B049D8C00CACC01 /* Home.swift */ = {isa = PBXFileReference; lastKnownFileType = sourcecode.swift; path = Home.swift; sourceTree = "<group>"; };
		1749EA2D2B049DFC00CACC01 /* NoticeModel.swift */ = {isa = PBXFileReference; lastKnownFileType = sourcecode.swift; path = NoticeModel.swift; sourceTree = "<group>"; };
		1749EA2F2B049E0500CACC01 /* NoticeView.swift */ = {isa = PBXFileReference; lastKnownFileType = sourcecode.swift; path = NoticeView.swift; sourceTree = "<group>"; };
		1749EA332B049E1A00CACC01 /* ReviewWritePopupView.swift */ = {isa = PBXFileReference; lastKnownFileType = sourcecode.swift; path = ReviewWritePopupView.swift; sourceTree = "<group>"; };
		1749EA352B049E2400CACC01 /* NoticePopupStyle.swift */ = {isa = PBXFileReference; lastKnownFileType = sourcecode.swift; path = NoticePopupStyle.swift; sourceTree = "<group>"; };
		1749EA392B049E6B00CACC01 /* ScannerVC.swift */ = {isa = PBXFileReference; lastKnownFileType = sourcecode.swift; path = ScannerVC.swift; sourceTree = "<group>"; };
		1749EA3B2B049E7500CACC01 /* ScannerView.swift */ = {isa = PBXFileReference; lastKnownFileType = sourcecode.swift; path = ScannerView.swift; sourceTree = "<group>"; };
		1749EA3D2B049E7A00CACC01 /* Alert.swift */ = {isa = PBXFileReference; lastKnownFileType = sourcecode.swift; path = Alert.swift; sourceTree = "<group>"; };
		1749EA3F2B049E8700CACC01 /* ScannerViewModel.swift */ = {isa = PBXFileReference; lastKnownFileType = sourcecode.swift; path = ScannerViewModel.swift; sourceTree = "<group>"; };
		1749EA412B049E9400CACC01 /* BarcodeScannerView.swift */ = {isa = PBXFileReference; lastKnownFileType = sourcecode.swift; path = BarcodeScannerView.swift; sourceTree = "<group>"; };
		1749EA432B049E9E00CACC01 /* AddCouponModel.swift */ = {isa = PBXFileReference; lastKnownFileType = sourcecode.swift; path = AddCouponModel.swift; sourceTree = "<group>"; };
		1749EA452B049EE400CACC01 /* AddCouponView.swift */ = {isa = PBXFileReference; lastKnownFileType = sourcecode.swift; path = AddCouponView.swift; sourceTree = "<group>"; };
		1749EA472B049EED00CACC01 /* RadioButtonType.swift */ = {isa = PBXFileReference; lastKnownFileType = sourcecode.swift; path = RadioButtonType.swift; sourceTree = "<group>"; };
		1749EA4B2B049F1D00CACC01 /* CouponView.swift */ = {isa = PBXFileReference; lastKnownFileType = sourcecode.swift; path = CouponView.swift; sourceTree = "<group>"; };
		1749EA4D2B049F2400CACC01 /* CouponCase.swift */ = {isa = PBXFileReference; lastKnownFileType = sourcecode.swift; path = CouponCase.swift; sourceTree = "<group>"; };
		1749EA4F2B049F5100CACC01 /* WhatsNewView.swift */ = {isa = PBXFileReference; lastKnownFileType = sourcecode.swift; path = WhatsNewView.swift; sourceTree = "<group>"; };
		1749EA512B049F5900CACC01 /* WhatsNewCell.swift */ = {isa = PBXFileReference; lastKnownFileType = sourcecode.swift; path = WhatsNewCell.swift; sourceTree = "<group>"; };
		1749EA532B049F6100CACC01 /* WhatsNewViewModel.swift */ = {isa = PBXFileReference; lastKnownFileType = sourcecode.swift; path = WhatsNewViewModel.swift; sourceTree = "<group>"; };
		1749EA552B049F6700CACC01 /* WhatsNewCase.swift */ = {isa = PBXFileReference; lastKnownFileType = sourcecode.swift; path = WhatsNewCase.swift; sourceTree = "<group>"; };
		1749EA572B049F9A00CACC01 /* TabBarView.swift */ = {isa = PBXFileReference; lastKnownFileType = sourcecode.swift; path = TabBarView.swift; sourceTree = "<group>"; };
		1749EA592B049FB700CACC01 /* SectionDetail.swift */ = {isa = PBXFileReference; lastKnownFileType = sourcecode.swift; name = SectionDetail.swift; path = ../Presentation/Other/SectionDetail.swift; sourceTree = "<group>"; };
		1749EA5B2B049FC400CACC01 /* QuickMenu.swift */ = {isa = PBXFileReference; lastKnownFileType = sourcecode.swift; path = QuickMenu.swift; sourceTree = "<group>"; };
		1749EA5D2B049FCC00CACC01 /* OtherView.swift */ = {isa = PBXFileReference; lastKnownFileType = sourcecode.swift; path = OtherView.swift; sourceTree = "<group>"; };
		1749EA602B04A3B500CACC01 /* HomeNotice.swift */ = {isa = PBXFileReference; lastKnownFileType = sourcecode.swift; path = HomeNotice.swift; sourceTree = "<group>"; };
		1749EA622B04A3D000CACC01 /* RecommendCoffee.swift */ = {isa = PBXFileReference; lastKnownFileType = sourcecode.swift; path = RecommendCoffee.swift; sourceTree = "<group>"; };
		1749EA642B04A3F500CACC01 /* NoticeCase.swift */ = {isa = PBXFileReference; lastKnownFileType = sourcecode.swift; path = NoticeCase.swift; sourceTree = "<group>"; };
		1749EA662B04A49200CACC01 /* NoticeDetailModel.swift */ = {isa = PBXFileReference; lastKnownFileType = sourcecode.swift; path = NoticeDetailModel.swift; sourceTree = "<group>"; };
		1749EA682B04A51D00CACC01 /* MultiSection.swift */ = {isa = PBXFileReference; lastKnownFileType = sourcecode.swift; path = MultiSection.swift; sourceTree = "<group>"; };
		1749EA6B2B04A88800CACC01 /* CouponInfoView.swift */ = {isa = PBXFileReference; lastKnownFileType = sourcecode.swift; path = CouponInfoView.swift; sourceTree = "<group>"; };
		1779003C2B05A79F0014D385 /* CouponInfoCase.swift */ = {isa = PBXFileReference; lastKnownFileType = sourcecode.swift; path = CouponInfoCase.swift; sourceTree = "<group>"; };
		177900402B05B3730014D385 /* ShopView.swift */ = {isa = PBXFileReference; lastKnownFileType = sourcecode.swift; path = ShopView.swift; sourceTree = "<group>"; };
		177900422B05B46E0014D385 /* OrderView.swift */ = {isa = PBXFileReference; lastKnownFileType = sourcecode.swift; path = OrderView.swift; sourceTree = "<group>"; };
		177900442B05B5C20014D385 /* OrderHeaderView.swift */ = {isa = PBXFileReference; lastKnownFileType = sourcecode.swift; path = OrderHeaderView.swift; sourceTree = "<group>"; };
		177900462B05D7410014D385 /* OrderModel.swift */ = {isa = PBXFileReference; lastKnownFileType = sourcecode.swift; path = OrderModel.swift; sourceTree = "<group>"; };
		1785EA642B19709C00CE7B14 /* Movie.swift */ = {isa = PBXFileReference; lastKnownFileType = sourcecode.swift; path = Movie.swift; sourceTree = "<group>"; };
		179E464B2B0D7F9D00A5B98C /* UsableCouponView.swift */ = {isa = PBXFileReference; lastKnownFileType = sourcecode.swift; path = UsableCouponView.swift; sourceTree = "<group>"; };
		179E464D2B0D7FA500A5B98C /* CouponHistoryView.swift */ = {isa = PBXFileReference; lastKnownFileType = sourcecode.swift; path = CouponHistoryView.swift; sourceTree = "<group>"; };
		179E464F2B0D868F00A5B98C /* CouponHistoryDetailView.swift */ = {isa = PBXFileReference; lastKnownFileType = sourcecode.swift; path = CouponHistoryDetailView.swift; sourceTree = "<group>"; };
		179E46512B0D9A9100A5B98C /* Color+.swift */ = {isa = PBXFileReference; lastKnownFileType = sourcecode.swift; path = "Color+.swift"; sourceTree = "<group>"; };
		179E46532B0DF99E00A5B98C /* AddCouponReducer.swift */ = {isa = PBXFileReference; lastKnownFileType = sourcecode.swift; path = AddCouponReducer.swift; sourceTree = "<group>"; };
		17B705A42B1061CA00AEA110 /* Network.swift */ = {isa = PBXFileReference; lastKnownFileType = sourcecode.swift; path = Network.swift; sourceTree = "<group>"; };
		17CD2F842B06E91C003EE5FA /* PopupReducer.swift */ = {isa = PBXFileReference; lastKnownFileType = sourcecode.swift; path = PopupReducer.swift; sourceTree = "<group>"; };
		17CD2F862B06F650003EE5FA /* RootReducer.swift */ = {isa = PBXFileReference; lastKnownFileType = sourcecode.swift; path = RootReducer.swift; sourceTree = "<group>"; };
		17CD2F8A2B0709EE003EE5FA /* HomeReducer.swift */ = {isa = PBXFileReference; lastKnownFileType = sourcecode.swift; path = HomeReducer.swift; sourceTree = "<group>"; };
		17CD2F8C2B070A42003EE5FA /* PayReducer.swift */ = {isa = PBXFileReference; lastKnownFileType = sourcecode.swift; path = PayReducer.swift; sourceTree = "<group>"; };
		17CD2F8E2B070A52003EE5FA /* OrderReducer.swift */ = {isa = PBXFileReference; lastKnownFileType = sourcecode.swift; path = OrderReducer.swift; sourceTree = "<group>"; };
		17CD2F902B070A62003EE5FA /* ShopReducer.swift */ = {isa = PBXFileReference; lastKnownFileType = sourcecode.swift; path = ShopReducer.swift; sourceTree = "<group>"; };
		17CD2F922B070A6C003EE5FA /* OtherReducer.swift */ = {isa = PBXFileReference; lastKnownFileType = sourcecode.swift; path = OtherReducer.swift; sourceTree = "<group>"; };
		17CF97D92B1476EB00BF5373 /* EndPoint.swift */ = {isa = PBXFileReference; lastKnownFileType = sourcecode.swift; path = EndPoint.swift; sourceTree = "<group>"; };
		17CF97E12B14809F00BF5373 /* PlaceholderDTO.swift */ = {isa = PBXFileReference; lastKnownFileType = sourcecode.swift; path = PlaceholderDTO.swift; sourceTree = "<group>"; };
		17DD651E2B0ED08500AD6189 /* CouponInfoReducer.swift */ = {isa = PBXFileReference; lastKnownFileType = sourcecode.swift; path = CouponInfoReducer.swift; sourceTree = "<group>"; };
		17DD65202B0ED0F700AD6189 /* CouponHistoryDetailReducer.swift */ = {isa = PBXFileReference; lastKnownFileType = sourcecode.swift; path = CouponHistoryDetailReducer.swift; sourceTree = "<group>"; };
		17DD65242B0ED3A300AD6189 /* UsableCouponReducer.swift */ = {isa = PBXFileReference; lastKnownFileType = sourcecode.swift; path = UsableCouponReducer.swift; sourceTree = "<group>"; };
		17DD65272B0ED40100AD6189 /* CouponHistoryReducer.swift */ = {isa = PBXFileReference; lastKnownFileType = sourcecode.swift; path = CouponHistoryReducer.swift; sourceTree = "<group>"; };
		17DD65292B0F420C00AD6189 /* ScannerReducer.swift */ = {isa = PBXFileReference; lastKnownFileType = sourcecode.swift; path = ScannerReducer.swift; sourceTree = "<group>"; };
		17EBC3B22B0C4CF4006EE83D /* NoticePopupReducer.swift */ = {isa = PBXFileReference; lastKnownFileType = sourcecode.swift; path = NoticePopupReducer.swift; sourceTree = "<group>"; };
/* End PBXFileReference section */

/* Begin PBXFrameworksBuildPhase section */
		1749E9FB2B04997900CACC01 /* Frameworks */ = {
			isa = PBXFrameworksBuildPhase;
			buildActionMask = 2147483647;
			files = (
				17FFDE082B1874D300A140D9 /* CuteNetwork in Frameworks */,
				17CD2F832B06E780003EE5FA /* ComposableArchitecture in Frameworks */,
			);
			runOnlyForDeploymentPostprocessing = 0;
		};
/* End PBXFrameworksBuildPhase section */

/* Begin PBXGroup section */
		1726DCAE2B0B46BF00BEAFAD /* HomeEvent */ = {
			isa = PBXGroup;
			children = (
				1726DCAF2B0B46DB00BEAFAD /* HomeEventView.swift */,
				1726DCB12B0B46EA00BEAFAD /* HomeEventReducer.swift */,
			);
			path = HomeEvent;
			sourceTree = "<group>";
		};
		1749E9F52B04997900CACC01 = {
			isa = PBXGroup;
			children = (
				1749EA002B04997900CACC01 /* Starbucks */,
				1749E9FF2B04997900CACC01 /* Products */,
			);
			sourceTree = "<group>";
		};
		1749E9FF2B04997900CACC01 /* Products */ = {
			isa = PBXGroup;
			children = (
				1749E9FE2B04997900CACC01 /* Starbucks.app */,
			);
			name = Products;
			sourceTree = "<group>";
		};
		1749EA002B04997900CACC01 /* Starbucks */ = {
			isa = PBXGroup;
			children = (
				17B705A32B1061B700AEA110 /* Network */,
				1749EA5F2B04A3A800CACC01 /* Model */,
				1749EA0F2B049B2A00CACC01 /* Common */,
				1749EA102B049B3D00CACC01 /* Resource */,
				1749EA112B049B7800CACC01 /* Presentation */,
			);
			path = Starbucks;
			sourceTree = "<group>";
		};
		1749EA072B04997B00CACC01 /* Preview Content */ = {
			isa = PBXGroup;
			children = (
				1749EA082B04997B00CACC01 /* Preview Assets.xcassets */,
			);
			path = "Preview Content";
			sourceTree = "<group>";
		};
		1749EA0F2B049B2A00CACC01 /* Common */ = {
			isa = PBXGroup;
			children = (
				1749EA1F2B049D5300CACC01 /* Extension */,
				1749EA1E2B049D4300CACC01 /* Components */,
			);
			path = Common;
			sourceTree = "<group>";
		};
		1749EA102B049B3D00CACC01 /* Resource */ = {
			isa = PBXGroup;
			children = (
				1749EA052B04997B00CACC01 /* Assets.xcassets */,
				1749EA072B04997B00CACC01 /* Preview Content */,
			);
			path = Resource;
			sourceTree = "<group>";
		};
		1749EA112B049B7800CACC01 /* Presentation */ = {
			isa = PBXGroup;
			children = (
				1749EA122B049C3A00CACC01 /* App */,
				1749EA132B049C4200CACC01 /* Home */,
				1749EA142B049C4900CACC01 /* Pay */,
				1749EA152B049C4F00CACC01 /* Order */,
				1749EA162B049C5400CACC01 /* Shop */,
				1749EA172B049C5900CACC01 /* Other */,
			);
			path = Presentation;
			sourceTree = "<group>";
		};
		1749EA122B049C3A00CACC01 /* App */ = {
			isa = PBXGroup;
			children = (
				1749EA012B04997900CACC01 /* StarbucksApp.swift */,
				1749EA572B049F9A00CACC01 /* TabBarView.swift */,
				17CD2F862B06F650003EE5FA /* RootReducer.swift */,
			);
			path = App;
			sourceTree = "<group>";
		};
		1749EA132B049C4200CACC01 /* Home */ = {
			isa = PBXGroup;
			children = (
				1726DCAE2B0B46BF00BEAFAD /* HomeEvent */,
				1749EA2C2B049DDC00CACC01 /* WhatsNew */,
				1749EA2B2B049DD700CACC01 /* Coupon */,
				1749EA2A2B049DD200CACC01 /* Notice */,
				1749EA222B049D8C00CACC01 /* Home.swift */,
				17CD2F8A2B0709EE003EE5FA /* HomeReducer.swift */,
			);
			path = Home;
			sourceTree = "<group>";
		};
		1749EA142B049C4900CACC01 /* Pay */ = {
			isa = PBXGroup;
			children = (
				17CD2F8C2B070A42003EE5FA /* PayReducer.swift */,
				1726DCAC2B0AFD5000BEAFAD /* PayView.swift */,
			);
			path = Pay;
			sourceTree = "<group>";
		};
		1749EA152B049C4F00CACC01 /* Order */ = {
			isa = PBXGroup;
			children = (
				177900422B05B46E0014D385 /* OrderView.swift */,
				177900442B05B5C20014D385 /* OrderHeaderView.swift */,
				177900462B05D7410014D385 /* OrderModel.swift */,
				17CD2F8E2B070A52003EE5FA /* OrderReducer.swift */,
			);
			path = Order;
			sourceTree = "<group>";
		};
		1749EA162B049C5400CACC01 /* Shop */ = {
			isa = PBXGroup;
			children = (
				177900402B05B3730014D385 /* ShopView.swift */,
				17CD2F902B070A62003EE5FA /* ShopReducer.swift */,
			);
			path = Shop;
			sourceTree = "<group>";
		};
		1749EA172B049C5900CACC01 /* Other */ = {
			isa = PBXGroup;
			children = (
				1749EA5D2B049FCC00CACC01 /* OtherView.swift */,
				17CD2F922B070A6C003EE5FA /* OtherReducer.swift */,
			);
			path = Other;
			sourceTree = "<group>";
		};
		1749EA1E2B049D4300CACC01 /* Components */ = {
			isa = PBXGroup;
			children = (
				17CD2F842B06E91C003EE5FA /* PopupReducer.swift */,
				1749EA182B049C9900CACC01 /* StartingPopupView.swift */,
				1749EA1A2B049CC500CACC01 /* BackbuttonOnlyIcon.swift */,
				1749EA1C2B049CDB00CACC01 /* MenuListCard.swift */,
			);
			path = Components;
			sourceTree = "<group>";
		};
		1749EA1F2B049D5300CACC01 /* Extension */ = {
			isa = PBXGroup;
			children = (
				1749EA202B049D5D00CACC01 /* View+.swift */,
				1726DCB32B0B4D1600BEAFAD /* String+.swift */,
				179E46512B0D9A9100A5B98C /* Color+.swift */,
			);
			path = Extension;
			sourceTree = "<group>";
		};
		1749EA2A2B049DD200CACC01 /* Notice */ = {
			isa = PBXGroup;
			children = (
				1749EA2F2B049E0500CACC01 /* NoticeView.swift */,
				1749EA332B049E1A00CACC01 /* ReviewWritePopupView.swift */,
				1749EA352B049E2400CACC01 /* NoticePopupStyle.swift */,
				1749EA642B04A3F500CACC01 /* NoticeCase.swift */,
				1726DCB52B0B4F3C00BEAFAD /* NoticeReducer.swift */,
				17EBC3B22B0C4CF4006EE83D /* NoticePopupReducer.swift */,
			);
			path = Notice;
			sourceTree = "<group>";
		};
		1749EA2B2B049DD700CACC01 /* Coupon */ = {
			isa = PBXGroup;
			children = (
				1749EA6A2B04A87300CACC01 /* Info */,
				1749EA372B049E5400CACC01 /* AddCoupon */,
				17DD65222B0ED37400AD6189 /* UsableCoupon */,
				17DD65232B0ED38000AD6189 /* CouponHistory */,
				1749EA4B2B049F1D00CACC01 /* CouponView.swift */,
				1749EA4D2B049F2400CACC01 /* CouponCase.swift */,
				1726DCB72B0B53C900BEAFAD /* CouponReducer.swift */,
			);
			path = Coupon;
			sourceTree = "<group>";
		};
		1749EA2C2B049DDC00CACC01 /* WhatsNew */ = {
			isa = PBXGroup;
			children = (
				1749EA4F2B049F5100CACC01 /* WhatsNewView.swift */,
				1749EA512B049F5900CACC01 /* WhatsNewCell.swift */,
				1749EA532B049F6100CACC01 /* WhatsNewViewModel.swift */,
				1749EA552B049F6700CACC01 /* WhatsNewCase.swift */,
				1726DCB92B0B55DB00BEAFAD /* WhatsNewReducer.swift */,
			);
			path = WhatsNew;
			sourceTree = "<group>";
		};
		1749EA372B049E5400CACC01 /* AddCoupon */ = {
			isa = PBXGroup;
			children = (
				1749EA382B049E5C00CACC01 /* BarcodeScanner */,
				1749EA452B049EE400CACC01 /* AddCouponView.swift */,
				1749EA472B049EED00CACC01 /* RadioButtonType.swift */,
				179E46532B0DF99E00A5B98C /* AddCouponReducer.swift */,
			);
			path = AddCoupon;
			sourceTree = "<group>";
		};
		1749EA382B049E5C00CACC01 /* BarcodeScanner */ = {
			isa = PBXGroup;
			children = (
				1749EA392B049E6B00CACC01 /* ScannerVC.swift */,
				1749EA3B2B049E7500CACC01 /* ScannerView.swift */,
				1749EA3D2B049E7A00CACC01 /* Alert.swift */,
				1749EA3F2B049E8700CACC01 /* ScannerViewModel.swift */,
				1749EA412B049E9400CACC01 /* BarcodeScannerView.swift */,
				1749EA432B049E9E00CACC01 /* AddCouponModel.swift */,
				17DD65292B0F420C00AD6189 /* ScannerReducer.swift */,
			);
			path = BarcodeScanner;
			sourceTree = "<group>";
		};
		1749EA5F2B04A3A800CACC01 /* Model */ = {
			isa = PBXGroup;
			children = (
				1749EA602B04A3B500CACC01 /* HomeNotice.swift */,
				1749EA622B04A3D000CACC01 /* RecommendCoffee.swift */,
				1749EA2D2B049DFC00CACC01 /* NoticeModel.swift */,
				1749EA662B04A49200CACC01 /* NoticeDetailModel.swift */,
				1749EA5B2B049FC400CACC01 /* QuickMenu.swift */,
				1749EA592B049FB700CACC01 /* SectionDetail.swift */,
				1749EA682B04A51D00CACC01 /* MultiSection.swift */,
				17CF97E12B14809F00BF5373 /* PlaceholderDTO.swift */,
				1785EA642B19709C00CE7B14 /* Movie.swift */,
			);
			path = Model;
			sourceTree = "<group>";
		};
		1749EA6A2B04A87300CACC01 /* Info */ = {
			isa = PBXGroup;
			children = (
				1749EA6B2B04A88800CACC01 /* CouponInfoView.swift */,
				1779003C2B05A79F0014D385 /* CouponInfoCase.swift */,
				17DD651E2B0ED08500AD6189 /* CouponInfoReducer.swift */,
			);
			path = Info;
			sourceTree = "<group>";
		};
		17B705A32B1061B700AEA110 /* Network */ = {
			isa = PBXGroup;
			children = (
				17B705A42B1061CA00AEA110 /* Network.swift */,
				17CF97D92B1476EB00BF5373 /* EndPoint.swift */,
			);
			path = Network;
			sourceTree = "<group>";
		};
		17DD65222B0ED37400AD6189 /* UsableCoupon */ = {
			isa = PBXGroup;
			children = (
				179E464B2B0D7F9D00A5B98C /* UsableCouponView.swift */,
				17DD65242B0ED3A300AD6189 /* UsableCouponReducer.swift */,
			);
			path = UsableCoupon;
			sourceTree = "<group>";
		};
		17DD65232B0ED38000AD6189 /* CouponHistory */ = {
			isa = PBXGroup;
			children = (
				17DD65262B0ED3DE00AD6189 /* Detail */,
				179E464D2B0D7FA500A5B98C /* CouponHistoryView.swift */,
				17DD65272B0ED40100AD6189 /* CouponHistoryReducer.swift */,
			);
			path = CouponHistory;
			sourceTree = "<group>";
		};
		17DD65262B0ED3DE00AD6189 /* Detail */ = {
			isa = PBXGroup;
			children = (
				179E464F2B0D868F00A5B98C /* CouponHistoryDetailView.swift */,
				17DD65202B0ED0F700AD6189 /* CouponHistoryDetailReducer.swift */,
			);
			path = Detail;
			sourceTree = "<group>";
		};
/* End PBXGroup section */

/* Begin PBXNativeTarget section */
		1749E9FD2B04997900CACC01 /* Starbucks */ = {
			isa = PBXNativeTarget;
			buildConfigurationList = 1749EA0C2B04997B00CACC01 /* Build configuration list for PBXNativeTarget "Starbucks" */;
			buildPhases = (
				1749E9FA2B04997900CACC01 /* Sources */,
				1749E9FB2B04997900CACC01 /* Frameworks */,
				1749E9FC2B04997900CACC01 /* Resources */,
			);
			buildRules = (
			);
			dependencies = (
			);
			name = Starbucks;
			packageProductDependencies = (
				17CD2F822B06E780003EE5FA /* ComposableArchitecture */,
				17FFDE072B1874D300A140D9 /* CuteNetwork */,
			);
			productName = Starbucks;
			productReference = 1749E9FE2B04997900CACC01 /* Starbucks.app */;
			productType = "com.apple.product-type.application";
		};
/* End PBXNativeTarget section */

/* Begin PBXProject section */
		1749E9F62B04997900CACC01 /* Project object */ = {
			isa = PBXProject;
			attributes = {
				BuildIndependentTargetsInParallel = 1;
				LastSwiftUpdateCheck = 1430;
				LastUpgradeCheck = 1430;
				TargetAttributes = {
					1749E9FD2B04997900CACC01 = {
						CreatedOnToolsVersion = 14.3.1;
					};
				};
			};
			buildConfigurationList = 1749E9F92B04997900CACC01 /* Build configuration list for PBXProject "Starbucks" */;
			compatibilityVersion = "Xcode 14.0";
			developmentRegion = en;
			hasScannedForEncodings = 0;
			knownRegions = (
				en,
				Base,
			);
			mainGroup = 1749E9F52B04997900CACC01;
			packageReferences = (
				17CD2F812B06E77F003EE5FA /* XCRemoteSwiftPackageReference "swift-composable-architecture" */,
				17FFDE062B1874D300A140D9 /* XCRemoteSwiftPackageReference "CuteNetwork" */,
			);
			productRefGroup = 1749E9FF2B04997900CACC01 /* Products */;
			projectDirPath = "";
			projectRoot = "";
			targets = (
				1749E9FD2B04997900CACC01 /* Starbucks */,
			);
		};
/* End PBXProject section */

/* Begin PBXResourcesBuildPhase section */
		1749E9FC2B04997900CACC01 /* Resources */ = {
			isa = PBXResourcesBuildPhase;
			buildActionMask = 2147483647;
			files = (
				1749EA092B04997B00CACC01 /* Preview Assets.xcassets in Resources */,
				1749EA062B04997B00CACC01 /* Assets.xcassets in Resources */,
			);
			runOnlyForDeploymentPostprocessing = 0;
		};
/* End PBXResourcesBuildPhase section */

/* Begin PBXSourcesBuildPhase section */
		1749E9FA2B04997900CACC01 /* Sources */ = {
			isa = PBXSourcesBuildPhase;
			buildActionMask = 2147483647;
			files = (
				17B705A52B1061CA00AEA110 /* Network.swift in Sources */,
				1726DCB02B0B46DB00BEAFAD /* HomeEventView.swift in Sources */,
				179E46522B0D9A9100A5B98C /* Color+.swift in Sources */,
				1749EA422B049E9400CACC01 /* BarcodeScannerView.swift in Sources */,
				17DD652A2B0F420C00AD6189 /* ScannerReducer.swift in Sources */,
				1749EA3E2B049E7A00CACC01 /* Alert.swift in Sources */,
				1749EA402B049E8700CACC01 /* ScannerViewModel.swift in Sources */,
				1749EA362B049E2400CACC01 /* NoticePopupStyle.swift in Sources */,
				1749EA482B049EED00CACC01 /* RadioButtonType.swift in Sources */,
				17CF97E22B14809F00BF5373 /* PlaceholderDTO.swift in Sources */,
				1749EA542B049F6100CACC01 /* WhatsNewViewModel.swift in Sources */,
				1749EA302B049E0500CACC01 /* NoticeView.swift in Sources */,
				179E46502B0D868F00A5B98C /* CouponHistoryDetailView.swift in Sources */,
				179E46542B0DF99E00A5B98C /* AddCouponReducer.swift in Sources */,
				1749EA672B04A49200CACC01 /* NoticeDetailModel.swift in Sources */,
				177900452B05B5C20014D385 /* OrderHeaderView.swift in Sources */,
				1726DCB42B0B4D1600BEAFAD /* String+.swift in Sources */,
				17DD65252B0ED3A300AD6189 /* UsableCouponReducer.swift in Sources */,
				17CD2F8D2B070A42003EE5FA /* PayReducer.swift in Sources */,
				1749EA192B049C9900CACC01 /* StartingPopupView.swift in Sources */,
				1726DCB82B0B53C900BEAFAD /* CouponReducer.swift in Sources */,
				1749EA3C2B049E7500CACC01 /* ScannerView.swift in Sources */,
				1749EA582B049F9A00CACC01 /* TabBarView.swift in Sources */,
				17CD2F932B070A6C003EE5FA /* OtherReducer.swift in Sources */,
				17DD65212B0ED0F700AD6189 /* CouponHistoryDetailReducer.swift in Sources */,
				1749EA692B04A51D00CACC01 /* MultiSection.swift in Sources */,
				1749EA5C2B049FC400CACC01 /* QuickMenu.swift in Sources */,
				1749EA462B049EE400CACC01 /* AddCouponView.swift in Sources */,
				17CD2F912B070A62003EE5FA /* ShopReducer.swift in Sources */,
				1749EA522B049F5900CACC01 /* WhatsNewCell.swift in Sources */,
				1749EA5A2B049FB700CACC01 /* SectionDetail.swift in Sources */,
				17DD651F2B0ED08500AD6189 /* CouponInfoReducer.swift in Sources */,
				1749EA1D2B049CDB00CACC01 /* MenuListCard.swift in Sources */,
				179E464C2B0D7F9D00A5B98C /* UsableCouponView.swift in Sources */,
				1749EA612B04A3B500CACC01 /* HomeNotice.swift in Sources */,
				179E464E2B0D7FA500A5B98C /* CouponHistoryView.swift in Sources */,
				1779003D2B05A79F0014D385 /* CouponInfoCase.swift in Sources */,
				17CD2F852B06E91C003EE5FA /* PopupReducer.swift in Sources */,
				1749EA4E2B049F2400CACC01 /* CouponCase.swift in Sources */,
				1749EA562B049F6700CACC01 /* WhatsNewCase.swift in Sources */,
				1749EA502B049F5100CACC01 /* WhatsNewView.swift in Sources */,
				177900432B05B46E0014D385 /* OrderView.swift in Sources */,
				1749EA342B049E1A00CACC01 /* ReviewWritePopupView.swift in Sources */,
				1726DCBA2B0B55DB00BEAFAD /* WhatsNewReducer.swift in Sources */,
				1726DCAD2B0AFD5000BEAFAD /* PayView.swift in Sources */,
				17DD65282B0ED40100AD6189 /* CouponHistoryReducer.swift in Sources */,
				17EBC3B32B0C4CF4006EE83D /* NoticePopupReducer.swift in Sources */,
				1749EA022B04997900CACC01 /* StarbucksApp.swift in Sources */,
				17CF97DA2B1476EB00BF5373 /* EndPoint.swift in Sources */,
				1749EA2E2B049DFC00CACC01 /* NoticeModel.swift in Sources */,
				177900412B05B3730014D385 /* ShopView.swift in Sources */,
				1749EA212B049D5D00CACC01 /* View+.swift in Sources */,
				1749EA3A2B049E6B00CACC01 /* ScannerVC.swift in Sources */,
				1749EA1B2B049CC500CACC01 /* BackbuttonOnlyIcon.swift in Sources */,
				177900472B05D7410014D385 /* OrderModel.swift in Sources */,
				1749EA4C2B049F1D00CACC01 /* CouponView.swift in Sources */,
				1749EA5E2B049FCC00CACC01 /* OtherView.swift in Sources */,
				1749EA632B04A3D000CACC01 /* RecommendCoffee.swift in Sources */,
				17CD2F8B2B0709EE003EE5FA /* HomeReducer.swift in Sources */,
				1726DCB22B0B46EA00BEAFAD /* HomeEventReducer.swift in Sources */,
				1749EA652B04A3F500CACC01 /* NoticeCase.swift in Sources */,
				1749EA442B049E9E00CACC01 /* AddCouponModel.swift in Sources */,
				17CD2F872B06F650003EE5FA /* RootReducer.swift in Sources */,
				1785EA652B19709C00CE7B14 /* Movie.swift in Sources */,
				1749EA6C2B04A88800CACC01 /* CouponInfoView.swift in Sources */,
				17CD2F8F2B070A52003EE5FA /* OrderReducer.swift in Sources */,
				1726DCB62B0B4F3C00BEAFAD /* NoticeReducer.swift in Sources */,
				1749EA232B049D8C00CACC01 /* Home.swift in Sources */,
			);
			runOnlyForDeploymentPostprocessing = 0;
		};
/* End PBXSourcesBuildPhase section */

/* Begin XCBuildConfiguration section */
		1749EA0A2B04997B00CACC01 /* Debug */ = {
			isa = XCBuildConfiguration;
			buildSettings = {
				ALWAYS_SEARCH_USER_PATHS = NO;
				CLANG_ANALYZER_NONNULL = YES;
				CLANG_ANALYZER_NUMBER_OBJECT_CONVERSION = YES_AGGRESSIVE;
				CLANG_CXX_LANGUAGE_STANDARD = "gnu++20";
				CLANG_ENABLE_MODULES = YES;
				CLANG_ENABLE_OBJC_ARC = YES;
				CLANG_ENABLE_OBJC_WEAK = YES;
				CLANG_WARN_BLOCK_CAPTURE_AUTORELEASING = YES;
				CLANG_WARN_BOOL_CONVERSION = YES;
				CLANG_WARN_COMMA = YES;
				CLANG_WARN_CONSTANT_CONVERSION = YES;
				CLANG_WARN_DEPRECATED_OBJC_IMPLEMENTATIONS = YES;
				CLANG_WARN_DIRECT_OBJC_ISA_USAGE = YES_ERROR;
				CLANG_WARN_DOCUMENTATION_COMMENTS = YES;
				CLANG_WARN_EMPTY_BODY = YES;
				CLANG_WARN_ENUM_CONVERSION = YES;
				CLANG_WARN_INFINITE_RECURSION = YES;
				CLANG_WARN_INT_CONVERSION = YES;
				CLANG_WARN_NON_LITERAL_NULL_CONVERSION = YES;
				CLANG_WARN_OBJC_IMPLICIT_RETAIN_SELF = YES;
				CLANG_WARN_OBJC_LITERAL_CONVERSION = YES;
				CLANG_WARN_OBJC_ROOT_CLASS = YES_ERROR;
				CLANG_WARN_QUOTED_INCLUDE_IN_FRAMEWORK_HEADER = YES;
				CLANG_WARN_RANGE_LOOP_ANALYSIS = YES;
				CLANG_WARN_STRICT_PROTOTYPES = YES;
				CLANG_WARN_SUSPICIOUS_MOVE = YES;
				CLANG_WARN_UNGUARDED_AVAILABILITY = YES_AGGRESSIVE;
				CLANG_WARN_UNREACHABLE_CODE = YES;
				CLANG_WARN__DUPLICATE_METHOD_MATCH = YES;
				COPY_PHASE_STRIP = NO;
				DEBUG_INFORMATION_FORMAT = dwarf;
				ENABLE_STRICT_OBJC_MSGSEND = YES;
				ENABLE_TESTABILITY = YES;
				GCC_C_LANGUAGE_STANDARD = gnu11;
				GCC_DYNAMIC_NO_PIC = NO;
				GCC_NO_COMMON_BLOCKS = YES;
				GCC_OPTIMIZATION_LEVEL = 0;
				GCC_PREPROCESSOR_DEFINITIONS = (
					"DEBUG=1",
					"$(inherited)",
				);
				GCC_WARN_64_TO_32_BIT_CONVERSION = YES;
				GCC_WARN_ABOUT_RETURN_TYPE = YES_ERROR;
				GCC_WARN_UNDECLARED_SELECTOR = YES;
				GCC_WARN_UNINITIALIZED_AUTOS = YES_AGGRESSIVE;
				GCC_WARN_UNUSED_FUNCTION = YES;
				GCC_WARN_UNUSED_VARIABLE = YES;
				IPHONEOS_DEPLOYMENT_TARGET = 16.4;
				MTL_ENABLE_DEBUG_INFO = INCLUDE_SOURCE;
				MTL_FAST_MATH = YES;
				ONLY_ACTIVE_ARCH = YES;
				SDKROOT = iphoneos;
				SWIFT_ACTIVE_COMPILATION_CONDITIONS = DEBUG;
				SWIFT_OPTIMIZATION_LEVEL = "-Onone";
			};
			name = Debug;
		};
		1749EA0B2B04997B00CACC01 /* Release */ = {
			isa = XCBuildConfiguration;
			buildSettings = {
				ALWAYS_SEARCH_USER_PATHS = NO;
				CLANG_ANALYZER_NONNULL = YES;
				CLANG_ANALYZER_NUMBER_OBJECT_CONVERSION = YES_AGGRESSIVE;
				CLANG_CXX_LANGUAGE_STANDARD = "gnu++20";
				CLANG_ENABLE_MODULES = YES;
				CLANG_ENABLE_OBJC_ARC = YES;
				CLANG_ENABLE_OBJC_WEAK = YES;
				CLANG_WARN_BLOCK_CAPTURE_AUTORELEASING = YES;
				CLANG_WARN_BOOL_CONVERSION = YES;
				CLANG_WARN_COMMA = YES;
				CLANG_WARN_CONSTANT_CONVERSION = YES;
				CLANG_WARN_DEPRECATED_OBJC_IMPLEMENTATIONS = YES;
				CLANG_WARN_DIRECT_OBJC_ISA_USAGE = YES_ERROR;
				CLANG_WARN_DOCUMENTATION_COMMENTS = YES;
				CLANG_WARN_EMPTY_BODY = YES;
				CLANG_WARN_ENUM_CONVERSION = YES;
				CLANG_WARN_INFINITE_RECURSION = YES;
				CLANG_WARN_INT_CONVERSION = YES;
				CLANG_WARN_NON_LITERAL_NULL_CONVERSION = YES;
				CLANG_WARN_OBJC_IMPLICIT_RETAIN_SELF = YES;
				CLANG_WARN_OBJC_LITERAL_CONVERSION = YES;
				CLANG_WARN_OBJC_ROOT_CLASS = YES_ERROR;
				CLANG_WARN_QUOTED_INCLUDE_IN_FRAMEWORK_HEADER = YES;
				CLANG_WARN_RANGE_LOOP_ANALYSIS = YES;
				CLANG_WARN_STRICT_PROTOTYPES = YES;
				CLANG_WARN_SUSPICIOUS_MOVE = YES;
				CLANG_WARN_UNGUARDED_AVAILABILITY = YES_AGGRESSIVE;
				CLANG_WARN_UNREACHABLE_CODE = YES;
				CLANG_WARN__DUPLICATE_METHOD_MATCH = YES;
				COPY_PHASE_STRIP = NO;
				DEBUG_INFORMATION_FORMAT = "dwarf-with-dsym";
				ENABLE_NS_ASSERTIONS = NO;
				ENABLE_STRICT_OBJC_MSGSEND = YES;
				GCC_C_LANGUAGE_STANDARD = gnu11;
				GCC_NO_COMMON_BLOCKS = YES;
				GCC_WARN_64_TO_32_BIT_CONVERSION = YES;
				GCC_WARN_ABOUT_RETURN_TYPE = YES_ERROR;
				GCC_WARN_UNDECLARED_SELECTOR = YES;
				GCC_WARN_UNINITIALIZED_AUTOS = YES_AGGRESSIVE;
				GCC_WARN_UNUSED_FUNCTION = YES;
				GCC_WARN_UNUSED_VARIABLE = YES;
				IPHONEOS_DEPLOYMENT_TARGET = 16.4;
				MTL_ENABLE_DEBUG_INFO = NO;
				MTL_FAST_MATH = YES;
				SDKROOT = iphoneos;
				SWIFT_COMPILATION_MODE = wholemodule;
				SWIFT_OPTIMIZATION_LEVEL = "-O";
				VALIDATE_PRODUCT = YES;
			};
			name = Release;
		};
		1749EA0D2B04997B00CACC01 /* Debug */ = {
			isa = XCBuildConfiguration;
			buildSettings = {
				ASSETCATALOG_COMPILER_APPICON_NAME = AppIcon;
				ASSETCATALOG_COMPILER_GLOBAL_ACCENT_COLOR_NAME = AccentColor;
				CODE_SIGN_STYLE = Automatic;
				CURRENT_PROJECT_VERSION = 1;
				DEVELOPMENT_ASSET_PATHS = "\"Starbucks/Resource/Preview Content\"";
				DEVELOPMENT_TEAM = 69AX92X75M;
				ENABLE_PREVIEWS = YES;
				GENERATE_INFOPLIST_FILE = YES;
				INFOPLIST_KEY_NSCameraUsageDescription = "바코드를 스캔하기 위해 카메라 권한이 필요합니다";
				INFOPLIST_KEY_UIApplicationSceneManifest_Generation = YES;
				INFOPLIST_KEY_UIApplicationSupportsIndirectInputEvents = YES;
				INFOPLIST_KEY_UILaunchScreen_Generation = YES;
				INFOPLIST_KEY_UISupportedInterfaceOrientations_iPad = "UIInterfaceOrientationPortrait UIInterfaceOrientationPortraitUpsideDown UIInterfaceOrientationLandscapeLeft UIInterfaceOrientationLandscapeRight";
				INFOPLIST_KEY_UISupportedInterfaceOrientations_iPhone = "UIInterfaceOrientationPortrait UIInterfaceOrientationLandscapeLeft UIInterfaceOrientationLandscapeRight";
				LD_RUNPATH_SEARCH_PATHS = (
					"$(inherited)",
					"@executable_path/Frameworks",
				);
				MARKETING_VERSION = 1.0;
				PRODUCT_BUNDLE_IDENTIFIER = com.mino.starbucks.Starbucks;
				PRODUCT_NAME = "$(TARGET_NAME)";
				SWIFT_EMIT_LOC_STRINGS = YES;
				SWIFT_VERSION = 5.0;
				TARGETED_DEVICE_FAMILY = "1,2";
			};
			name = Debug;
		};
		1749EA0E2B04997B00CACC01 /* Release */ = {
			isa = XCBuildConfiguration;
			buildSettings = {
				ASSETCATALOG_COMPILER_APPICON_NAME = AppIcon;
				ASSETCATALOG_COMPILER_GLOBAL_ACCENT_COLOR_NAME = AccentColor;
				CODE_SIGN_STYLE = Automatic;
				CURRENT_PROJECT_VERSION = 1;
				DEVELOPMENT_ASSET_PATHS = "\"Starbucks/Resource/Preview Content\"";
				DEVELOPMENT_TEAM = 69AX92X75M;
				ENABLE_PREVIEWS = YES;
				GENERATE_INFOPLIST_FILE = YES;
				INFOPLIST_KEY_NSCameraUsageDescription = "바코드를 스캔하기 위해 카메라 권한이 필요합니다";
				INFOPLIST_KEY_UIApplicationSceneManifest_Generation = YES;
				INFOPLIST_KEY_UIApplicationSupportsIndirectInputEvents = YES;
				INFOPLIST_KEY_UILaunchScreen_Generation = YES;
				INFOPLIST_KEY_UISupportedInterfaceOrientations_iPad = "UIInterfaceOrientationPortrait UIInterfaceOrientationPortraitUpsideDown UIInterfaceOrientationLandscapeLeft UIInterfaceOrientationLandscapeRight";
				INFOPLIST_KEY_UISupportedInterfaceOrientations_iPhone = "UIInterfaceOrientationPortrait UIInterfaceOrientationLandscapeLeft UIInterfaceOrientationLandscapeRight";
				LD_RUNPATH_SEARCH_PATHS = (
					"$(inherited)",
					"@executable_path/Frameworks",
				);
				MARKETING_VERSION = 1.0;
				PRODUCT_BUNDLE_IDENTIFIER = com.mino.starbucks.Starbucks;
				PRODUCT_NAME = "$(TARGET_NAME)";
				SWIFT_EMIT_LOC_STRINGS = YES;
				SWIFT_VERSION = 5.0;
				TARGETED_DEVICE_FAMILY = "1,2";
			};
			name = Release;
		};
/* End XCBuildConfiguration section */

/* Begin XCConfigurationList section */
		1749E9F92B04997900CACC01 /* Build configuration list for PBXProject "Starbucks" */ = {
			isa = XCConfigurationList;
			buildConfigurations = (
				1749EA0A2B04997B00CACC01 /* Debug */,
				1749EA0B2B04997B00CACC01 /* Release */,
			);
			defaultConfigurationIsVisible = 0;
			defaultConfigurationName = Release;
		};
		1749EA0C2B04997B00CACC01 /* Build configuration list for PBXNativeTarget "Starbucks" */ = {
			isa = XCConfigurationList;
			buildConfigurations = (
				1749EA0D2B04997B00CACC01 /* Debug */,
				1749EA0E2B04997B00CACC01 /* Release */,
			);
			defaultConfigurationIsVisible = 0;
			defaultConfigurationName = Release;
		};
/* End XCConfigurationList section */

/* Begin XCRemoteSwiftPackageReference section */
		17CD2F812B06E77F003EE5FA /* XCRemoteSwiftPackageReference "swift-composable-architecture" */ = {
			isa = XCRemoteSwiftPackageReference;
			repositoryURL = "https://github.com/pointfreeco/swift-composable-architecture";
			requirement = {
				kind = versionRange;
				maximumVersion = 1.0.0;
				minimumVersion = 1.0.0;
			};
		};
		17FFDE062B1874D300A140D9 /* XCRemoteSwiftPackageReference "CuteNetwork" */ = {
			isa = XCRemoteSwiftPackageReference;
			repositoryURL = "https://github.com/stealmh/CuteNetwork";
			requirement = {
				kind = upToNextMajorVersion;
				minimumVersion = 1.1.2;
			};
		};
/* End XCRemoteSwiftPackageReference section */

/* Begin XCSwiftPackageProductDependency section */
		17CD2F822B06E780003EE5FA /* ComposableArchitecture */ = {
			isa = XCSwiftPackageProductDependency;
			package = 17CD2F812B06E77F003EE5FA /* XCRemoteSwiftPackageReference "swift-composable-architecture" */;
			productName = ComposableArchitecture;
		};
		17FFDE072B1874D300A140D9 /* CuteNetwork */ = {
			isa = XCSwiftPackageProductDependency;
			package = 17FFDE062B1874D300A140D9 /* XCRemoteSwiftPackageReference "CuteNetwork" */;
			productName = CuteNetwork;
		};
/* End XCSwiftPackageProductDependency section */
	};
	rootObject = 1749E9F62B04997900CACC01 /* Project object */;
}
