// !$*UTF8*$!
{
	archiveVersion = 1;
	classes = {
	};
	objectVersion = 56;
	objects = {

/* Begin PBXBuildFile section */
		1749EA022B04997900CACC01 /* StarbucksApp.swift in Sources */ = {isa = PBXBuildFile; fileRef = 1749EA012B04997900CACC01 /* StarbucksApp.swift */; };
		1749EA062B04997B00CACC01 /* Assets.xcassets in Resources */ = {isa = PBXBuildFile; fileRef = 1749EA052B04997B00CACC01 /* Assets.xcassets */; };
		1749EA092B04997B00CACC01 /* Preview Assets.xcassets in Resources */ = {isa = PBXBuildFile; fileRef = 1749EA082B04997B00CACC01 /* Preview Assets.xcassets */; };
		1749EA192B049C9900CACC01 /* StartingPopupView.swift in Sources */ = {isa = PBXBuildFile; fileRef = 1749EA182B049C9900CACC01 /* StartingPopupView.swift */; };
		1749EA1B2B049CC500CACC01 /* BackbuttonOnlyIcon.swift in Sources */ = {isa = PBXBuildFile; fileRef = 1749EA1A2B049CC500CACC01 /* BackbuttonOnlyIcon.swift */; };
		1749EA1D2B049CDB00CACC01 /* MenuListCard.swift in Sources */ = {isa = PBXBuildFile; fileRef = 1749EA1C2B049CDB00CACC01 /* MenuListCard.swift */; };
		1749EA212B049D5D00CACC01 /* View+.swift in Sources */ = {isa = PBXBuildFile; fileRef = 1749EA202B049D5D00CACC01 /* View+.swift */; };
		1749EA232B049D8C00CACC01 /* Home.swift in Sources */ = {isa = PBXBuildFile; fileRef = 1749EA222B049D8C00CACC01 /* Home.swift */; };
		1749EA252B049D9300CACC01 /* HomeViewModel.swift in Sources */ = {isa = PBXBuildFile; fileRef = 1749EA242B049D9300CACC01 /* HomeViewModel.swift */; };
		1749EA272B049D9B00CACC01 /* HomeHeader.swift in Sources */ = {isa = PBXBuildFile; fileRef = 1749EA262B049D9B00CACC01 /* HomeHeader.swift */; };
		1749EA292B049DA200CACC01 /* Playground.swift in Sources */ = {isa = PBXBuildFile; fileRef = 1749EA282B049DA200CACC01 /* Playground.swift */; };
		1749EA2E2B049DFC00CACC01 /* NoticeModel.swift in Sources */ = {isa = PBXBuildFile; fileRef = 1749EA2D2B049DFC00CACC01 /* NoticeModel.swift */; };
		1749EA302B049E0500CACC01 /* NoticeView.swift in Sources */ = {isa = PBXBuildFile; fileRef = 1749EA2F2B049E0500CACC01 /* NoticeView.swift */; };
		1749EA322B049E0F00CACC01 /* NoticeViewModel.swift in Sources */ = {isa = PBXBuildFile; fileRef = 1749EA312B049E0F00CACC01 /* NoticeViewModel.swift */; };
		1749EA342B049E1A00CACC01 /* ReviewWritePopupView.swift in Sources */ = {isa = PBXBuildFile; fileRef = 1749EA332B049E1A00CACC01 /* ReviewWritePopupView.swift */; };
		1749EA362B049E2400CACC01 /* NoticePopupStyle.swift in Sources */ = {isa = PBXBuildFile; fileRef = 1749EA352B049E2400CACC01 /* NoticePopupStyle.swift */; };
		1749EA3A2B049E6B00CACC01 /* ScannerVC.swift in Sources */ = {isa = PBXBuildFile; fileRef = 1749EA392B049E6B00CACC01 /* ScannerVC.swift */; };
		1749EA3C2B049E7500CACC01 /* ScannerView.swift in Sources */ = {isa = PBXBuildFile; fileRef = 1749EA3B2B049E7500CACC01 /* ScannerView.swift */; };
		1749EA3E2B049E7A00CACC01 /* Alert.swift in Sources */ = {isa = PBXBuildFile; fileRef = 1749EA3D2B049E7A00CACC01 /* Alert.swift */; };
		1749EA402B049E8700CACC01 /* ScannerViewModel.swift in Sources */ = {isa = PBXBuildFile; fileRef = 1749EA3F2B049E8700CACC01 /* ScannerViewModel.swift */; };
		1749EA422B049E9400CACC01 /* BarcodeScannerView.swift in Sources */ = {isa = PBXBuildFile; fileRef = 1749EA412B049E9400CACC01 /* BarcodeScannerView.swift */; };
		1749EA442B049E9E00CACC01 /* AddCouponModel.swift in Sources */ = {isa = PBXBuildFile; fileRef = 1749EA432B049E9E00CACC01 /* AddCouponModel.swift */; };
		1749EA462B049EE400CACC01 /* AddCouponView.swift in Sources */ = {isa = PBXBuildFile; fileRef = 1749EA452B049EE400CACC01 /* AddCouponView.swift */; };
		1749EA482B049EED00CACC01 /* RadioButtonType.swift in Sources */ = {isa = PBXBuildFile; fileRef = 1749EA472B049EED00CACC01 /* RadioButtonType.swift */; };
		1749EA4A2B049EFB00CACC01 /* AddCouponViewModel.swift in Sources */ = {isa = PBXBuildFile; fileRef = 1749EA492B049EFB00CACC01 /* AddCouponViewModel.swift */; };
		1749EA4C2B049F1D00CACC01 /* CouponView.swift in Sources */ = {isa = PBXBuildFile; fileRef = 1749EA4B2B049F1D00CACC01 /* CouponView.swift */; };
		1749EA4E2B049F2400CACC01 /* CouponCase.swift in Sources */ = {isa = PBXBuildFile; fileRef = 1749EA4D2B049F2400CACC01 /* CouponCase.swift */; };
		1749EA502B049F5100CACC01 /* WhatsNewView.swift in Sources */ = {isa = PBXBuildFile; fileRef = 1749EA4F2B049F5100CACC01 /* WhatsNewView.swift */; };
		1749EA522B049F5900CACC01 /* WhatsNewCell.swift in Sources */ = {isa = PBXBuildFile; fileRef = 1749EA512B049F5900CACC01 /* WhatsNewCell.swift */; };
		1749EA542B049F6100CACC01 /* WhatsNewViewModel.swift in Sources */ = {isa = PBXBuildFile; fileRef = 1749EA532B049F6100CACC01 /* WhatsNewViewModel.swift */; };
		1749EA562B049F6700CACC01 /* WhatsNewCase.swift in Sources */ = {isa = PBXBuildFile; fileRef = 1749EA552B049F6700CACC01 /* WhatsNewCase.swift */; };
		1749EA582B049F9A00CACC01 /* TabBarView.swift in Sources */ = {isa = PBXBuildFile; fileRef = 1749EA572B049F9A00CACC01 /* TabBarView.swift */; };
		1749EA5A2B049FB700CACC01 /* SectionDetail.swift in Sources */ = {isa = PBXBuildFile; fileRef = 1749EA592B049FB700CACC01 /* SectionDetail.swift */; };
		1749EA5C2B049FC400CACC01 /* QuickMenu.swift in Sources */ = {isa = PBXBuildFile; fileRef = 1749EA5B2B049FC400CACC01 /* QuickMenu.swift */; };
		1749EA5E2B049FCC00CACC01 /* OtherView.swift in Sources */ = {isa = PBXBuildFile; fileRef = 1749EA5D2B049FCC00CACC01 /* OtherView.swift */; };
		1749EA612B04A3B500CACC01 /* HomeNotice.swift in Sources */ = {isa = PBXBuildFile; fileRef = 1749EA602B04A3B500CACC01 /* HomeNotice.swift */; };
		1749EA632B04A3D000CACC01 /* RecommendCoffee.swift in Sources */ = {isa = PBXBuildFile; fileRef = 1749EA622B04A3D000CACC01 /* RecommendCoffee.swift */; };
		1749EA652B04A3F500CACC01 /* NoticeCase.swift in Sources */ = {isa = PBXBuildFile; fileRef = 1749EA642B04A3F500CACC01 /* NoticeCase.swift */; };
		1749EA672B04A49200CACC01 /* NoticeDetailModel.swift in Sources */ = {isa = PBXBuildFile; fileRef = 1749EA662B04A49200CACC01 /* NoticeDetailModel.swift */; };
		1749EA692B04A51D00CACC01 /* MultiSection.swift in Sources */ = {isa = PBXBuildFile; fileRef = 1749EA682B04A51D00CACC01 /* MultiSection.swift */; };
		1749EA6C2B04A88800CACC01 /* CouponInfoView.swift in Sources */ = {isa = PBXBuildFile; fileRef = 1749EA6B2B04A88800CACC01 /* CouponInfoView.swift */; };
/* End PBXBuildFile section */

/* Begin PBXFileReference section */
		1749E9FE2B04997900CACC01 /* Starbucks.app */ = {isa = PBXFileReference; explicitFileType = wrapper.application; includeInIndex = 0; path = Starbucks.app; sourceTree = BUILT_PRODUCTS_DIR; };
		1749EA012B04997900CACC01 /* StarbucksApp.swift */ = {isa = PBXFileReference; lastKnownFileType = sourcecode.swift; path = StarbucksApp.swift; sourceTree = "<group>"; };
		1749EA052B04997B00CACC01 /* Assets.xcassets */ = {isa = PBXFileReference; lastKnownFileType = folder.assetcatalog; path = Assets.xcassets; sourceTree = "<group>"; };
		1749EA082B04997B00CACC01 /* Preview Assets.xcassets */ = {isa = PBXFileReference; lastKnownFileType = folder.assetcatalog; path = "Preview Assets.xcassets"; sourceTree = "<group>"; };
		1749EA182B049C9900CACC01 /* StartingPopupView.swift */ = {isa = PBXFileReference; lastKnownFileType = sourcecode.swift; path = StartingPopupView.swift; sourceTree = "<group>"; };
		1749EA1A2B049CC500CACC01 /* BackbuttonOnlyIcon.swift */ = {isa = PBXFileReference; lastKnownFileType = sourcecode.swift; path = BackbuttonOnlyIcon.swift; sourceTree = "<group>"; };
		1749EA1C2B049CDB00CACC01 /* MenuListCard.swift */ = {isa = PBXFileReference; lastKnownFileType = sourcecode.swift; path = MenuListCard.swift; sourceTree = "<group>"; };
		1749EA202B049D5D00CACC01 /* View+.swift */ = {isa = PBXFileReference; lastKnownFileType = sourcecode.swift; path = "View+.swift"; sourceTree = "<group>"; };
		1749EA222B049D8C00CACC01 /* Home.swift */ = {isa = PBXFileReference; lastKnownFileType = sourcecode.swift; path = Home.swift; sourceTree = "<group>"; };
		1749EA242B049D9300CACC01 /* HomeViewModel.swift */ = {isa = PBXFileReference; lastKnownFileType = sourcecode.swift; path = HomeViewModel.swift; sourceTree = "<group>"; };
		1749EA262B049D9B00CACC01 /* HomeHeader.swift */ = {isa = PBXFileReference; lastKnownFileType = sourcecode.swift; path = HomeHeader.swift; sourceTree = "<group>"; };
		1749EA282B049DA200CACC01 /* Playground.swift */ = {isa = PBXFileReference; lastKnownFileType = sourcecode.swift; path = Playground.swift; sourceTree = "<group>"; };
		1749EA2D2B049DFC00CACC01 /* NoticeModel.swift */ = {isa = PBXFileReference; lastKnownFileType = sourcecode.swift; path = NoticeModel.swift; sourceTree = "<group>"; };
		1749EA2F2B049E0500CACC01 /* NoticeView.swift */ = {isa = PBXFileReference; lastKnownFileType = sourcecode.swift; path = NoticeView.swift; sourceTree = "<group>"; };
		1749EA312B049E0F00CACC01 /* NoticeViewModel.swift */ = {isa = PBXFileReference; lastKnownFileType = sourcecode.swift; path = NoticeViewModel.swift; sourceTree = "<group>"; };
		1749EA332B049E1A00CACC01 /* ReviewWritePopupView.swift */ = {isa = PBXFileReference; lastKnownFileType = sourcecode.swift; path = ReviewWritePopupView.swift; sourceTree = "<group>"; };
		1749EA352B049E2400CACC01 /* NoticePopupStyle.swift */ = {isa = PBXFileReference; lastKnownFileType = sourcecode.swift; path = NoticePopupStyle.swift; sourceTree = "<group>"; };
		1749EA392B049E6B00CACC01 /* ScannerVC.swift */ = {isa = PBXFileReference; lastKnownFileType = sourcecode.swift; path = ScannerVC.swift; sourceTree = "<group>"; };
		1749EA3B2B049E7500CACC01 /* ScannerView.swift */ = {isa = PBXFileReference; lastKnownFileType = sourcecode.swift; path = ScannerView.swift; sourceTree = "<group>"; };
		1749EA3D2B049E7A00CACC01 /* Alert.swift */ = {isa = PBXFileReference; lastKnownFileType = sourcecode.swift; path = Alert.swift; sourceTree = "<group>"; };
		1749EA3F2B049E8700CACC01 /* ScannerViewModel.swift */ = {isa = PBXFileReference; lastKnownFileType = sourcecode.swift; path = ScannerViewModel.swift; sourceTree = "<group>"; };
		1749EA412B049E9400CACC01 /* BarcodeScannerView.swift */ = {isa = PBXFileReference; lastKnownFileType = sourcecode.swift; path = BarcodeScannerView.swift; sourceTree = "<group>"; };
		1749EA432B049E9E00CACC01 /* AddCouponModel.swift */ = {isa = PBXFileReference; lastKnownFileType = sourcecode.swift; path = AddCouponModel.swift; sourceTree = "<group>"; };
		1749EA452B049EE400CACC01 /* AddCouponView.swift */ = {isa = PBXFileReference; lastKnownFileType = sourcecode.swift; path = AddCouponView.swift; sourceTree = "<group>"; };
		1749EA472B049EED00CACC01 /* RadioButtonType.swift */ = {isa = PBXFileReference; lastKnownFileType = sourcecode.swift; path = RadioButtonType.swift; sourceTree = "<group>"; };
		1749EA492B049EFB00CACC01 /* AddCouponViewModel.swift */ = {isa = PBXFileReference; lastKnownFileType = sourcecode.swift; path = AddCouponViewModel.swift; sourceTree = "<group>"; };
		1749EA4B2B049F1D00CACC01 /* CouponView.swift */ = {isa = PBXFileReference; lastKnownFileType = sourcecode.swift; path = CouponView.swift; sourceTree = "<group>"; };
		1749EA4D2B049F2400CACC01 /* CouponCase.swift */ = {isa = PBXFileReference; lastKnownFileType = sourcecode.swift; path = CouponCase.swift; sourceTree = "<group>"; };
		1749EA4F2B049F5100CACC01 /* WhatsNewView.swift */ = {isa = PBXFileReference; lastKnownFileType = sourcecode.swift; path = WhatsNewView.swift; sourceTree = "<group>"; };
		1749EA512B049F5900CACC01 /* WhatsNewCell.swift */ = {isa = PBXFileReference; lastKnownFileType = sourcecode.swift; path = WhatsNewCell.swift; sourceTree = "<group>"; };
		1749EA532B049F6100CACC01 /* WhatsNewViewModel.swift */ = {isa = PBXFileReference; lastKnownFileType = sourcecode.swift; path = WhatsNewViewModel.swift; sourceTree = "<group>"; };
		1749EA552B049F6700CACC01 /* WhatsNewCase.swift */ = {isa = PBXFileReference; lastKnownFileType = sourcecode.swift; path = WhatsNewCase.swift; sourceTree = "<group>"; };
		1749EA572B049F9A00CACC01 /* TabBarView.swift */ = {isa = PBXFileReference; lastKnownFileType = sourcecode.swift; path = TabBarView.swift; sourceTree = "<group>"; };
		1749EA592B049FB700CACC01 /* SectionDetail.swift */ = {isa = PBXFileReference; lastKnownFileType = sourcecode.swift; name = SectionDetail.swift; path = ../Presentation/Other/SectionDetail.swift; sourceTree = "<group>"; };
		1749EA5B2B049FC400CACC01 /* QuickMenu.swift */ = {isa = PBXFileReference; lastKnownFileType = sourcecode.swift; path = QuickMenu.swift; sourceTree = "<group>"; };
		1749EA5D2B049FCC00CACC01 /* OtherView.swift */ = {isa = PBXFileReference; lastKnownFileType = sourcecode.swift; path = OtherView.swift; sourceTree = "<group>"; };
		1749EA602B04A3B500CACC01 /* HomeNotice.swift */ = {isa = PBXFileReference; lastKnownFileType = sourcecode.swift; path = HomeNotice.swift; sourceTree = "<group>"; };
		1749EA622B04A3D000CACC01 /* RecommendCoffee.swift */ = {isa = PBXFileReference; lastKnownFileType = sourcecode.swift; path = RecommendCoffee.swift; sourceTree = "<group>"; };
		1749EA642B04A3F500CACC01 /* NoticeCase.swift */ = {isa = PBXFileReference; lastKnownFileType = sourcecode.swift; path = NoticeCase.swift; sourceTree = "<group>"; };
		1749EA662B04A49200CACC01 /* NoticeDetailModel.swift */ = {isa = PBXFileReference; lastKnownFileType = sourcecode.swift; path = NoticeDetailModel.swift; sourceTree = "<group>"; };
		1749EA682B04A51D00CACC01 /* MultiSection.swift */ = {isa = PBXFileReference; lastKnownFileType = sourcecode.swift; path = MultiSection.swift; sourceTree = "<group>"; };
		1749EA6B2B04A88800CACC01 /* CouponInfoView.swift */ = {isa = PBXFileReference; lastKnownFileType = sourcecode.swift; path = CouponInfoView.swift; sourceTree = "<group>"; };
/* End PBXFileReference section */

/* Begin PBXFrameworksBuildPhase section */
		1749E9FB2B04997900CACC01 /* Frameworks */ = {
			isa = PBXFrameworksBuildPhase;
			buildActionMask = 2147483647;
			files = (
			);
			runOnlyForDeploymentPostprocessing = 0;
		};
/* End PBXFrameworksBuildPhase section */

/* Begin PBXGroup section */
		1749E9F52B04997900CACC01 = {
			isa = PBXGroup;
			children = (
				1749EA002B04997900CACC01 /* Starbucks */,
				1749E9FF2B04997900CACC01 /* Products */,
			);
			sourceTree = "<group>";
		};
		1749E9FF2B04997900CACC01 /* Products */ = {
			isa = PBXGroup;
			children = (
				1749E9FE2B04997900CACC01 /* Starbucks.app */,
			);
			name = Products;
			sourceTree = "<group>";
		};
		1749EA002B04997900CACC01 /* Starbucks */ = {
			isa = PBXGroup;
			children = (
				1749EA5F2B04A3A800CACC01 /* Model */,
				1749EA0F2B049B2A00CACC01 /* Common */,
				1749EA102B049B3D00CACC01 /* Resource */,
				1749EA112B049B7800CACC01 /* Presentation */,
			);
			path = Starbucks;
			sourceTree = "<group>";
		};
		1749EA072B04997B00CACC01 /* Preview Content */ = {
			isa = PBXGroup;
			children = (
				1749EA082B04997B00CACC01 /* Preview Assets.xcassets */,
			);
			path = "Preview Content";
			sourceTree = "<group>";
		};
		1749EA0F2B049B2A00CACC01 /* Common */ = {
			isa = PBXGroup;
			children = (
				1749EA1F2B049D5300CACC01 /* Extension */,
				1749EA1E2B049D4300CACC01 /* Components */,
			);
			path = Common;
			sourceTree = "<group>";
		};
		1749EA102B049B3D00CACC01 /* Resource */ = {
			isa = PBXGroup;
			children = (
				1749EA052B04997B00CACC01 /* Assets.xcassets */,
				1749EA072B04997B00CACC01 /* Preview Content */,
			);
			path = Resource;
			sourceTree = "<group>";
		};
		1749EA112B049B7800CACC01 /* Presentation */ = {
			isa = PBXGroup;
			children = (
				1749EA122B049C3A00CACC01 /* App */,
				1749EA132B049C4200CACC01 /* Home */,
				1749EA142B049C4900CACC01 /* Pay */,
				1749EA152B049C4F00CACC01 /* Order */,
				1749EA162B049C5400CACC01 /* Shop */,
				1749EA172B049C5900CACC01 /* Other */,
			);
			path = Presentation;
			sourceTree = "<group>";
		};
		1749EA122B049C3A00CACC01 /* App */ = {
			isa = PBXGroup;
			children = (
				1749EA012B04997900CACC01 /* StarbucksApp.swift */,
				1749EA572B049F9A00CACC01 /* TabBarView.swift */,
			);
			path = App;
			sourceTree = "<group>";
		};
		1749EA132B049C4200CACC01 /* Home */ = {
			isa = PBXGroup;
			children = (
				1749EA2C2B049DDC00CACC01 /* WhatsNew */,
				1749EA2B2B049DD700CACC01 /* Coupon */,
				1749EA2A2B049DD200CACC01 /* Notice */,
				1749EA222B049D8C00CACC01 /* Home.swift */,
				1749EA242B049D9300CACC01 /* HomeViewModel.swift */,
				1749EA262B049D9B00CACC01 /* HomeHeader.swift */,
				1749EA282B049DA200CACC01 /* Playground.swift */,
			);
			path = Home;
			sourceTree = "<group>";
		};
		1749EA142B049C4900CACC01 /* Pay */ = {
			isa = PBXGroup;
			children = (
			);
			path = Pay;
			sourceTree = "<group>";
		};
		1749EA152B049C4F00CACC01 /* Order */ = {
			isa = PBXGroup;
			children = (
			);
			path = Order;
			sourceTree = "<group>";
		};
		1749EA162B049C5400CACC01 /* Shop */ = {
			isa = PBXGroup;
			children = (
			);
			path = Shop;
			sourceTree = "<group>";
		};
		1749EA172B049C5900CACC01 /* Other */ = {
			isa = PBXGroup;
			children = (
				1749EA5D2B049FCC00CACC01 /* OtherView.swift */,
			);
			path = Other;
			sourceTree = "<group>";
		};
		1749EA1E2B049D4300CACC01 /* Components */ = {
			isa = PBXGroup;
			children = (
				1749EA182B049C9900CACC01 /* StartingPopupView.swift */,
				1749EA1A2B049CC500CACC01 /* BackbuttonOnlyIcon.swift */,
				1749EA1C2B049CDB00CACC01 /* MenuListCard.swift */,
			);
			path = Components;
			sourceTree = "<group>";
		};
		1749EA1F2B049D5300CACC01 /* Extension */ = {
			isa = PBXGroup;
			children = (
				1749EA202B049D5D00CACC01 /* View+.swift */,
			);
			path = Extension;
			sourceTree = "<group>";
		};
		1749EA2A2B049DD200CACC01 /* Notice */ = {
			isa = PBXGroup;
			children = (
				1749EA2F2B049E0500CACC01 /* NoticeView.swift */,
				1749EA312B049E0F00CACC01 /* NoticeViewModel.swift */,
				1749EA332B049E1A00CACC01 /* ReviewWritePopupView.swift */,
				1749EA352B049E2400CACC01 /* NoticePopupStyle.swift */,
				1749EA642B04A3F500CACC01 /* NoticeCase.swift */,
			);
			path = Notice;
			sourceTree = "<group>";
		};
		1749EA2B2B049DD700CACC01 /* Coupon */ = {
			isa = PBXGroup;
			children = (
				1749EA6A2B04A87300CACC01 /* Info */,
				1749EA372B049E5400CACC01 /* AddCoupon */,
				1749EA4B2B049F1D00CACC01 /* CouponView.swift */,
				1749EA4D2B049F2400CACC01 /* CouponCase.swift */,
			);
			path = Coupon;
			sourceTree = "<group>";
		};
		1749EA2C2B049DDC00CACC01 /* WhatsNew */ = {
			isa = PBXGroup;
			children = (
				1749EA4F2B049F5100CACC01 /* WhatsNewView.swift */,
				1749EA512B049F5900CACC01 /* WhatsNewCell.swift */,
				1749EA532B049F6100CACC01 /* WhatsNewViewModel.swift */,
				1749EA552B049F6700CACC01 /* WhatsNewCase.swift */,
			);
			path = WhatsNew;
			sourceTree = "<group>";
		};
		1749EA372B049E5400CACC01 /* AddCoupon */ = {
			isa = PBXGroup;
			children = (
				1749EA382B049E5C00CACC01 /* BarcodeScanner */,
				1749EA452B049EE400CACC01 /* AddCouponView.swift */,
				1749EA472B049EED00CACC01 /* RadioButtonType.swift */,
				1749EA492B049EFB00CACC01 /* AddCouponViewModel.swift */,
			);
			path = AddCoupon;
			sourceTree = "<group>";
		};
		1749EA382B049E5C00CACC01 /* BarcodeScanner */ = {
			isa = PBXGroup;
			children = (
				1749EA392B049E6B00CACC01 /* ScannerVC.swift */,
				1749EA3B2B049E7500CACC01 /* ScannerView.swift */,
				1749EA3D2B049E7A00CACC01 /* Alert.swift */,
				1749EA3F2B049E8700CACC01 /* ScannerViewModel.swift */,
				1749EA412B049E9400CACC01 /* BarcodeScannerView.swift */,
				1749EA432B049E9E00CACC01 /* AddCouponModel.swift */,
			);
			path = BarcodeScanner;
			sourceTree = "<group>";
		};
		1749EA5F2B04A3A800CACC01 /* Model */ = {
			isa = PBXGroup;
			children = (
				1749EA602B04A3B500CACC01 /* HomeNotice.swift */,
				1749EA622B04A3D000CACC01 /* RecommendCoffee.swift */,
				1749EA2D2B049DFC00CACC01 /* NoticeModel.swift */,
				1749EA662B04A49200CACC01 /* NoticeDetailModel.swift */,
				1749EA5B2B049FC400CACC01 /* QuickMenu.swift */,
				1749EA592B049FB700CACC01 /* SectionDetail.swift */,
				1749EA682B04A51D00CACC01 /* MultiSection.swift */,
			);
			path = Model;
			sourceTree = "<group>";
		};
		1749EA6A2B04A87300CACC01 /* Info */ = {
			isa = PBXGroup;
			children = (
				1749EA6B2B04A88800CACC01 /* CouponInfoView.swift */,
			);
			path = Info;
			sourceTree = "<group>";
		};
/* End PBXGroup section */

/* Begin PBXNativeTarget section */
		1749E9FD2B04997900CACC01 /* Starbucks */ = {
			isa = PBXNativeTarget;
			buildConfigurationList = 1749EA0C2B04997B00CACC01 /* Build configuration list for PBXNativeTarget "Starbucks" */;
			buildPhases = (
				1749E9FA2B04997900CACC01 /* Sources */,
				1749E9FB2B04997900CACC01 /* Frameworks */,
				1749E9FC2B04997900CACC01 /* Resources */,
			);
			buildRules = (
			);
			dependencies = (
			);
			name = Starbucks;
			productName = Starbucks;
			productReference = 1749E9FE2B04997900CACC01 /* Starbucks.app */;
			productType = "com.apple.product-type.application";
		};
/* End PBXNativeTarget section */

/* Begin PBXProject section */
		1749E9F62B04997900CACC01 /* Project object */ = {
			isa = PBXProject;
			attributes = {
				BuildIndependentTargetsInParallel = 1;
				LastSwiftUpdateCheck = 1430;
				LastUpgradeCheck = 1430;
				TargetAttributes = {
					1749E9FD2B04997900CACC01 = {
						CreatedOnToolsVersion = 14.3.1;
					};
				};
			};
			buildConfigurationList = 1749E9F92B04997900CACC01 /* Build configuration list for PBXProject "Starbucks" */;
			compatibilityVersion = "Xcode 14.0";
			developmentRegion = en;
			hasScannedForEncodings = 0;
			knownRegions = (
				en,
				Base,
			);
			mainGroup = 1749E9F52B04997900CACC01;
			productRefGroup = 1749E9FF2B04997900CACC01 /* Products */;
			projectDirPath = "";
			projectRoot = "";
			targets = (
				1749E9FD2B04997900CACC01 /* Starbucks */,
			);
		};
/* End PBXProject section */

/* Begin PBXResourcesBuildPhase section */
		1749E9FC2B04997900CACC01 /* Resources */ = {
			isa = PBXResourcesBuildPhase;
			buildActionMask = 2147483647;
			files = (
				1749EA092B04997B00CACC01 /* Preview Assets.xcassets in Resources */,
				1749EA062B04997B00CACC01 /* Assets.xcassets in Resources */,
			);
			runOnlyForDeploymentPostprocessing = 0;
		};
/* End PBXResourcesBuildPhase section */

/* Begin PBXSourcesBuildPhase section */
		1749E9FA2B04997900CACC01 /* Sources */ = {
			isa = PBXSourcesBuildPhase;
			buildActionMask = 2147483647;
			files = (
				1749EA422B049E9400CACC01 /* BarcodeScannerView.swift in Sources */,
				1749EA3E2B049E7A00CACC01 /* Alert.swift in Sources */,
				1749EA402B049E8700CACC01 /* ScannerViewModel.swift in Sources */,
				1749EA362B049E2400CACC01 /* NoticePopupStyle.swift in Sources */,
				1749EA482B049EED00CACC01 /* RadioButtonType.swift in Sources */,
				1749EA542B049F6100CACC01 /* WhatsNewViewModel.swift in Sources */,
				1749EA302B049E0500CACC01 /* NoticeView.swift in Sources */,
				1749EA672B04A49200CACC01 /* NoticeDetailModel.swift in Sources */,
				1749EA192B049C9900CACC01 /* StartingPopupView.swift in Sources */,
				1749EA3C2B049E7500CACC01 /* ScannerView.swift in Sources */,
				1749EA582B049F9A00CACC01 /* TabBarView.swift in Sources */,
				1749EA692B04A51D00CACC01 /* MultiSection.swift in Sources */,
				1749EA5C2B049FC400CACC01 /* QuickMenu.swift in Sources */,
				1749EA462B049EE400CACC01 /* AddCouponView.swift in Sources */,
				1749EA522B049F5900CACC01 /* WhatsNewCell.swift in Sources */,
				1749EA5A2B049FB700CACC01 /* SectionDetail.swift in Sources */,
				1749EA1D2B049CDB00CACC01 /* MenuListCard.swift in Sources */,
				1749EA612B04A3B500CACC01 /* HomeNotice.swift in Sources */,
				1749EA322B049E0F00CACC01 /* NoticeViewModel.swift in Sources */,
				1749EA4A2B049EFB00CACC01 /* AddCouponViewModel.swift in Sources */,
				1749EA4E2B049F2400CACC01 /* CouponCase.swift in Sources */,
				1749EA562B049F6700CACC01 /* WhatsNewCase.swift in Sources */,
				1749EA502B049F5100CACC01 /* WhatsNewView.swift in Sources */,
				1749EA342B049E1A00CACC01 /* ReviewWritePopupView.swift in Sources */,
				1749EA252B049D9300CACC01 /* HomeViewModel.swift in Sources */,
				1749EA022B04997900CACC01 /* StarbucksApp.swift in Sources */,
				1749EA2E2B049DFC00CACC01 /* NoticeModel.swift in Sources */,
				1749EA272B049D9B00CACC01 /* HomeHeader.swift in Sources */,
				1749EA292B049DA200CACC01 /* Playground.swift in Sources */,
				1749EA212B049D5D00CACC01 /* View+.swift in Sources */,
				1749EA3A2B049E6B00CACC01 /* ScannerVC.swift in Sources */,
				1749EA1B2B049CC500CACC01 /* BackbuttonOnlyIcon.swift in Sources */,
				1749EA4C2B049F1D00CACC01 /* CouponView.swift in Sources */,
				1749EA5E2B049FCC00CACC01 /* OtherView.swift in Sources */,
				1749EA632B04A3D000CACC01 /* RecommendCoffee.swift in Sources */,
				1749EA652B04A3F500CACC01 /* NoticeCase.swift in Sources */,
				1749EA442B049E9E00CACC01 /* AddCouponModel.swift in Sources */,
				1749EA6C2B04A88800CACC01 /* CouponInfoView.swift in Sources */,
				1749EA232B049D8C00CACC01 /* Home.swift in Sources */,
			);
			runOnlyForDeploymentPostprocessing = 0;
		};
/* End PBXSourcesBuildPhase section */

/* Begin XCBuildConfiguration section */
		1749EA0A2B04997B00CACC01 /* Debug */ = {
			isa = XCBuildConfiguration;
			buildSettings = {
				ALWAYS_SEARCH_USER_PATHS = NO;
				CLANG_ANALYZER_NONNULL = YES;
				CLANG_ANALYZER_NUMBER_OBJECT_CONVERSION = YES_AGGRESSIVE;
				CLANG_CXX_LANGUAGE_STANDARD = "gnu++20";
				CLANG_ENABLE_MODULES = YES;
				CLANG_ENABLE_OBJC_ARC = YES;
				CLANG_ENABLE_OBJC_WEAK = YES;
				CLANG_WARN_BLOCK_CAPTURE_AUTORELEASING = YES;
				CLANG_WARN_BOOL_CONVERSION = YES;
				CLANG_WARN_COMMA = YES;
				CLANG_WARN_CONSTANT_CONVERSION = YES;
				CLANG_WARN_DEPRECATED_OBJC_IMPLEMENTATIONS = YES;
				CLANG_WARN_DIRECT_OBJC_ISA_USAGE = YES_ERROR;
				CLANG_WARN_DOCUMENTATION_COMMENTS = YES;
				CLANG_WARN_EMPTY_BODY = YES;
				CLANG_WARN_ENUM_CONVERSION = YES;
				CLANG_WARN_INFINITE_RECURSION = YES;
				CLANG_WARN_INT_CONVERSION = YES;
				CLANG_WARN_NON_LITERAL_NULL_CONVERSION = YES;
				CLANG_WARN_OBJC_IMPLICIT_RETAIN_SELF = YES;
				CLANG_WARN_OBJC_LITERAL_CONVERSION = YES;
				CLANG_WARN_OBJC_ROOT_CLASS = YES_ERROR;
				CLANG_WARN_QUOTED_INCLUDE_IN_FRAMEWORK_HEADER = YES;
				CLANG_WARN_RANGE_LOOP_ANALYSIS = YES;
				CLANG_WARN_STRICT_PROTOTYPES = YES;
				CLANG_WARN_SUSPICIOUS_MOVE = YES;
				CLANG_WARN_UNGUARDED_AVAILABILITY = YES_AGGRESSIVE;
				CLANG_WARN_UNREACHABLE_CODE = YES;
				CLANG_WARN__DUPLICATE_METHOD_MATCH = YES;
				COPY_PHASE_STRIP = NO;
				DEBUG_INFORMATION_FORMAT = dwarf;
				ENABLE_STRICT_OBJC_MSGSEND = YES;
				ENABLE_TESTABILITY = YES;
				GCC_C_LANGUAGE_STANDARD = gnu11;
				GCC_DYNAMIC_NO_PIC = NO;
				GCC_NO_COMMON_BLOCKS = YES;
				GCC_OPTIMIZATION_LEVEL = 0;
				GCC_PREPROCESSOR_DEFINITIONS = (
					"DEBUG=1",
					"$(inherited)",
				);
				GCC_WARN_64_TO_32_BIT_CONVERSION = YES;
				GCC_WARN_ABOUT_RETURN_TYPE = YES_ERROR;
				GCC_WARN_UNDECLARED_SELECTOR = YES;
				GCC_WARN_UNINITIALIZED_AUTOS = YES_AGGRESSIVE;
				GCC_WARN_UNUSED_FUNCTION = YES;
				GCC_WARN_UNUSED_VARIABLE = YES;
				IPHONEOS_DEPLOYMENT_TARGET = 16.4;
				MTL_ENABLE_DEBUG_INFO = INCLUDE_SOURCE;
				MTL_FAST_MATH = YES;
				ONLY_ACTIVE_ARCH = YES;
				SDKROOT = iphoneos;
				SWIFT_ACTIVE_COMPILATION_CONDITIONS = DEBUG;
				SWIFT_OPTIMIZATION_LEVEL = "-Onone";
			};
			name = Debug;
		};
		1749EA0B2B04997B00CACC01 /* Release */ = {
			isa = XCBuildConfiguration;
			buildSettings = {
				ALWAYS_SEARCH_USER_PATHS = NO;
				CLANG_ANALYZER_NONNULL = YES;
				CLANG_ANALYZER_NUMBER_OBJECT_CONVERSION = YES_AGGRESSIVE;
				CLANG_CXX_LANGUAGE_STANDARD = "gnu++20";
				CLANG_ENABLE_MODULES = YES;
				CLANG_ENABLE_OBJC_ARC = YES;
				CLANG_ENABLE_OBJC_WEAK = YES;
				CLANG_WARN_BLOCK_CAPTURE_AUTORELEASING = YES;
				CLANG_WARN_BOOL_CONVERSION = YES;
				CLANG_WARN_COMMA = YES;
				CLANG_WARN_CONSTANT_CONVERSION = YES;
				CLANG_WARN_DEPRECATED_OBJC_IMPLEMENTATIONS = YES;
				CLANG_WARN_DIRECT_OBJC_ISA_USAGE = YES_ERROR;
				CLANG_WARN_DOCUMENTATION_COMMENTS = YES;
				CLANG_WARN_EMPTY_BODY = YES;
				CLANG_WARN_ENUM_CONVERSION = YES;
				CLANG_WARN_INFINITE_RECURSION = YES;
				CLANG_WARN_INT_CONVERSION = YES;
				CLANG_WARN_NON_LITERAL_NULL_CONVERSION = YES;
				CLANG_WARN_OBJC_IMPLICIT_RETAIN_SELF = YES;
				CLANG_WARN_OBJC_LITERAL_CONVERSION = YES;
				CLANG_WARN_OBJC_ROOT_CLASS = YES_ERROR;
				CLANG_WARN_QUOTED_INCLUDE_IN_FRAMEWORK_HEADER = YES;
				CLANG_WARN_RANGE_LOOP_ANALYSIS = YES;
				CLANG_WARN_STRICT_PROTOTYPES = YES;
				CLANG_WARN_SUSPICIOUS_MOVE = YES;
				CLANG_WARN_UNGUARDED_AVAILABILITY = YES_AGGRESSIVE;
				CLANG_WARN_UNREACHABLE_CODE = YES;
				CLANG_WARN__DUPLICATE_METHOD_MATCH = YES;
				COPY_PHASE_STRIP = NO;
				DEBUG_INFORMATION_FORMAT = "dwarf-with-dsym";
				ENABLE_NS_ASSERTIONS = NO;
				ENABLE_STRICT_OBJC_MSGSEND = YES;
				GCC_C_LANGUAGE_STANDARD = gnu11;
				GCC_NO_COMMON_BLOCKS = YES;
				GCC_WARN_64_TO_32_BIT_CONVERSION = YES;
				GCC_WARN_ABOUT_RETURN_TYPE = YES_ERROR;
				GCC_WARN_UNDECLARED_SELECTOR = YES;
				GCC_WARN_UNINITIALIZED_AUTOS = YES_AGGRESSIVE;
				GCC_WARN_UNUSED_FUNCTION = YES;
				GCC_WARN_UNUSED_VARIABLE = YES;
				IPHONEOS_DEPLOYMENT_TARGET = 16.4;
				MTL_ENABLE_DEBUG_INFO = NO;
				MTL_FAST_MATH = YES;
				SDKROOT = iphoneos;
				SWIFT_COMPILATION_MODE = wholemodule;
				SWIFT_OPTIMIZATION_LEVEL = "-O";
				VALIDATE_PRODUCT = YES;
			};
			name = Release;
		};
		1749EA0D2B04997B00CACC01 /* Debug */ = {
			isa = XCBuildConfiguration;
			buildSettings = {
				ASSETCATALOG_COMPILER_APPICON_NAME = AppIcon;
				ASSETCATALOG_COMPILER_GLOBAL_ACCENT_COLOR_NAME = AccentColor;
				CODE_SIGN_STYLE = Automatic;
				CURRENT_PROJECT_VERSION = 1;
				DEVELOPMENT_ASSET_PATHS = "\"Starbucks/Resource/Preview Content\"";
				DEVELOPMENT_TEAM = 69AX92X75M;
				ENABLE_PREVIEWS = YES;
				GENERATE_INFOPLIST_FILE = YES;
				INFOPLIST_KEY_UIApplicationSceneManifest_Generation = YES;
				INFOPLIST_KEY_UIApplicationSupportsIndirectInputEvents = YES;
				INFOPLIST_KEY_UILaunchScreen_Generation = YES;
				INFOPLIST_KEY_UISupportedInterfaceOrientations_iPad = "UIInterfaceOrientationPortrait UIInterfaceOrientationPortraitUpsideDown UIInterfaceOrientationLandscapeLeft UIInterfaceOrientationLandscapeRight";
				INFOPLIST_KEY_UISupportedInterfaceOrientations_iPhone = "UIInterfaceOrientationPortrait UIInterfaceOrientationLandscapeLeft UIInterfaceOrientationLandscapeRight";
				LD_RUNPATH_SEARCH_PATHS = (
					"$(inherited)",
					"@executable_path/Frameworks",
				);
				MARKETING_VERSION = 1.0;
				PRODUCT_BUNDLE_IDENTIFIER = com.mino.starbucks.Starbucks;
				PRODUCT_NAME = "$(TARGET_NAME)";
				SWIFT_EMIT_LOC_STRINGS = YES;
				SWIFT_VERSION = 5.0;
				TARGETED_DEVICE_FAMILY = "1,2";
			};
			name = Debug;
		};
		1749EA0E2B04997B00CACC01 /* Release */ = {
			isa = XCBuildConfiguration;
			buildSettings = {
				ASSETCATALOG_COMPILER_APPICON_NAME = AppIcon;
				ASSETCATALOG_COMPILER_GLOBAL_ACCENT_COLOR_NAME = AccentColor;
				CODE_SIGN_STYLE = Automatic;
				CURRENT_PROJECT_VERSION = 1;
				DEVELOPMENT_ASSET_PATHS = "\"Starbucks/Resource/Preview Content\"";
				DEVELOPMENT_TEAM = 69AX92X75M;
				ENABLE_PREVIEWS = YES;
				GENERATE_INFOPLIST_FILE = YES;
				INFOPLIST_KEY_UIApplicationSceneManifest_Generation = YES;
				INFOPLIST_KEY_UIApplicationSupportsIndirectInputEvents = YES;
				INFOPLIST_KEY_UILaunchScreen_Generation = YES;
				INFOPLIST_KEY_UISupportedInterfaceOrientations_iPad = "UIInterfaceOrientationPortrait UIInterfaceOrientationPortraitUpsideDown UIInterfaceOrientationLandscapeLeft UIInterfaceOrientationLandscapeRight";
				INFOPLIST_KEY_UISupportedInterfaceOrientations_iPhone = "UIInterfaceOrientationPortrait UIInterfaceOrientationLandscapeLeft UIInterfaceOrientationLandscapeRight";
				LD_RUNPATH_SEARCH_PATHS = (
					"$(inherited)",
					"@executable_path/Frameworks",
				);
				MARKETING_VERSION = 1.0;
				PRODUCT_BUNDLE_IDENTIFIER = com.mino.starbucks.Starbucks;
				PRODUCT_NAME = "$(TARGET_NAME)";
				SWIFT_EMIT_LOC_STRINGS = YES;
				SWIFT_VERSION = 5.0;
				TARGETED_DEVICE_FAMILY = "1,2";
			};
			name = Release;
		};
/* End XCBuildConfiguration section */

/* Begin XCConfigurationList section */
		1749E9F92B04997900CACC01 /* Build configuration list for PBXProject "Starbucks" */ = {
			isa = XCConfigurationList;
			buildConfigurations = (
				1749EA0A2B04997B00CACC01 /* Debug */,
				1749EA0B2B04997B00CACC01 /* Release */,
			);
			defaultConfigurationIsVisible = 0;
			defaultConfigurationName = Release;
		};
		1749EA0C2B04997B00CACC01 /* Build configuration list for PBXNativeTarget "Starbucks" */ = {
			isa = XCConfigurationList;
			buildConfigurations = (
				1749EA0D2B04997B00CACC01 /* Debug */,
				1749EA0E2B04997B00CACC01 /* Release */,
			);
			defaultConfigurationIsVisible = 0;
			defaultConfigurationName = Release;
		};
/* End XCConfigurationList section */
	};
	rootObject = 1749E9F62B04997900CACC01 /* Project object */;
}
